PODS:
  - boost (1.76.0)
  - CocoaAsyncSocket (7.6.5)
  - DoubleConversion (1.1.6)
  - FBLazyVector (0.0.0-20220124-2008-c48e5acca)
  - FBReactNativeSpec (0.0.0-20220124-2008-c48e5acca):
    - RCT-Folly (= 2021.06.28.00-v2)
    - RCTRequired (= 0.0.0-20220124-2008-c48e5acca)
    - RCTTypeSafety (= 0.0.0-20220124-2008-c48e5acca)
    - React-Core (= 0.0.0-20220124-2008-c48e5acca)
    - React-jsi (= 0.0.0-20220124-2008-c48e5acca)
    - ReactCommon/turbomodule/core (= 0.0.0-20220124-2008-c48e5acca)
  - Flipper (0.125.0):
    - Flipper-Folly (~> 2.6)
    - Flipper-RSocket (~> 1.4)
  - Flipper-Boost-iOSX (1.76.0.1.11)
  - Flipper-DoubleConversion (3.1.7)
  - Flipper-Fmt (7.1.7)
  - Flipper-Folly (2.6.10):
    - Flipper-Boost-iOSX
    - Flipper-DoubleConversion
    - Flipper-Fmt (= 7.1.7)
    - Flipper-Glog
    - libevent (~> 2.1.12)
    - OpenSSL-Universal (= 1.1.1100)
  - Flipper-Glog (0.3.9)
  - Flipper-PeerTalk (0.0.4)
  - Flipper-RSocket (1.4.3):
    - Flipper-Folly (~> 2.6)
  - FlipperKit (0.125.0):
    - FlipperKit/Core (= 0.125.0)
  - FlipperKit/Core (0.125.0):
    - Flipper (~> 0.125.0)
    - FlipperKit/CppBridge
    - FlipperKit/FBCxxFollyDynamicConvert
    - FlipperKit/FBDefines
    - FlipperKit/FKPortForwarding
    - SocketRocket (~> 0.6.0)
  - FlipperKit/CppBridge (0.125.0):
    - Flipper (~> 0.125.0)
  - FlipperKit/FBCxxFollyDynamicConvert (0.125.0):
    - Flipper-Folly (~> 2.6)
  - FlipperKit/FBDefines (0.125.0)
  - FlipperKit/FKPortForwarding (0.125.0):
    - CocoaAsyncSocket (~> 7.6)
    - Flipper-PeerTalk (~> 0.0.4)
  - FlipperKit/FlipperKitHighlightOverlay (0.125.0)
  - FlipperKit/FlipperKitLayoutHelpers (0.125.0):
    - FlipperKit/Core
    - FlipperKit/FlipperKitHighlightOverlay
    - FlipperKit/FlipperKitLayoutTextSearchable
  - FlipperKit/FlipperKitLayoutIOSDescriptors (0.125.0):
    - FlipperKit/Core
    - FlipperKit/FlipperKitHighlightOverlay
    - FlipperKit/FlipperKitLayoutHelpers
    - YogaKit (~> 1.18)
  - FlipperKit/FlipperKitLayoutPlugin (0.125.0):
    - FlipperKit/Core
    - FlipperKit/FlipperKitHighlightOverlay
    - FlipperKit/FlipperKitLayoutHelpers
    - FlipperKit/FlipperKitLayoutIOSDescriptors
    - FlipperKit/FlipperKitLayoutTextSearchable
    - YogaKit (~> 1.18)
  - FlipperKit/FlipperKitLayoutTextSearchable (0.125.0)
  - FlipperKit/FlipperKitNetworkPlugin (0.125.0):
    - FlipperKit/Core
  - FlipperKit/FlipperKitReactPlugin (0.125.0):
    - FlipperKit/Core
  - FlipperKit/FlipperKitUserDefaultsPlugin (0.125.0):
    - FlipperKit/Core
  - FlipperKit/SKIOSNetworkPlugin (0.125.0):
    - FlipperKit/Core
    - FlipperKit/FlipperKitNetworkPlugin
  - fmt (6.2.1)
  - glog (0.3.5)
  - hermes-engine (0.10.0)
  - libevent (2.1.12)
  - OpenSSL-Universal (1.1.1100)
  - RCT-Folly (2021.06.28.00-v2):
    - boost
    - DoubleConversion
    - fmt (~> 6.2.1)
    - glog
    - RCT-Folly/Default (= 2021.06.28.00-v2)
  - RCT-Folly/Default (2021.06.28.00-v2):
    - boost
    - DoubleConversion
    - fmt (~> 6.2.1)
    - glog
  - RCT-Folly/Fabric (2021.06.28.00-v2):
    - boost
    - DoubleConversion
    - fmt (~> 6.2.1)
    - glog
  - RCT-Folly/Futures (2021.06.28.00-v2):
    - boost
    - DoubleConversion
    - fmt (~> 6.2.1)
    - glog
    - libevent
  - RCTRequired (0.0.0-20220124-2008-c48e5acca)
  - RCTTypeSafety (0.0.0-20220124-2008-c48e5acca):
    - FBLazyVector (= 0.0.0-20220124-2008-c48e5acca)
    - RCT-Folly (= 2021.06.28.00-v2)
    - RCTRequired (= 0.0.0-20220124-2008-c48e5acca)
    - React-Core (= 0.0.0-20220124-2008-c48e5acca)
  - React (0.0.0-20220124-2008-c48e5acca):
    - React-Core (= 0.0.0-20220124-2008-c48e5acca)
    - React-Core/DevSupport (= 0.0.0-20220124-2008-c48e5acca)
    - React-Core/RCTWebSocket (= 0.0.0-20220124-2008-c48e5acca)
    - React-RCTActionSheet (= 0.0.0-20220124-2008-c48e5acca)
    - React-RCTAnimation (= 0.0.0-20220124-2008-c48e5acca)
    - React-RCTBlob (= 0.0.0-20220124-2008-c48e5acca)
    - React-RCTImage (= 0.0.0-20220124-2008-c48e5acca)
    - React-RCTLinking (= 0.0.0-20220124-2008-c48e5acca)
    - React-RCTNetwork (= 0.0.0-20220124-2008-c48e5acca)
    - React-RCTSettings (= 0.0.0-20220124-2008-c48e5acca)
    - React-RCTText (= 0.0.0-20220124-2008-c48e5acca)
    - React-RCTVibration (= 0.0.0-20220124-2008-c48e5acca)
  - React-callinvoker (0.0.0-20220124-2008-c48e5acca)
  - React-Codegen (0.0.0-20220124-2008-c48e5acca):
    - FBReactNativeSpec (= 0.0.0-20220124-2008-c48e5acca)
    - RCT-Folly (= 2021.06.28.00-v2)
    - RCTRequired (= 0.0.0-20220124-2008-c48e5acca)
    - RCTTypeSafety (= 0.0.0-20220124-2008-c48e5acca)
    - React-Core (= 0.0.0-20220124-2008-c48e5acca)
    - React-graphics (= 0.0.0-20220124-2008-c48e5acca)
    - React-jsi (= 0.0.0-20220124-2008-c48e5acca)
    - React-jsiexecutor (= 0.0.0-20220124-2008-c48e5acca)
    - React-rncore (= 0.0.0-20220124-2008-c48e5acca)
    - ReactCommon/turbomodule/core (= 0.0.0-20220124-2008-c48e5acca)
  - React-Core (0.0.0-20220124-2008-c48e5acca):
    - glog
    - RCT-Folly (= 2021.06.28.00-v2)
    - React-Core/Default (= 0.0.0-20220124-2008-c48e5acca)
    - React-cxxreact (= 0.0.0-20220124-2008-c48e5acca)
    - React-jsi (= 0.0.0-20220124-2008-c48e5acca)
    - React-jsiexecutor (= 0.0.0-20220124-2008-c48e5acca)
    - React-perflogger (= 0.0.0-20220124-2008-c48e5acca)
    - Yoga
  - React-Core/CoreModulesHeaders (0.0.0-20220124-2008-c48e5acca):
    - glog
    - RCT-Folly (= 2021.06.28.00-v2)
    - React-Core/Default
    - React-cxxreact (= 0.0.0-20220124-2008-c48e5acca)
    - React-jsi (= 0.0.0-20220124-2008-c48e5acca)
    - React-jsiexecutor (= 0.0.0-20220124-2008-c48e5acca)
    - React-perflogger (= 0.0.0-20220124-2008-c48e5acca)
    - Yoga
  - React-Core/Default (0.0.0-20220124-2008-c48e5acca):
    - glog
    - RCT-Folly (= 2021.06.28.00-v2)
    - React-cxxreact (= 0.0.0-20220124-2008-c48e5acca)
    - React-jsi (= 0.0.0-20220124-2008-c48e5acca)
    - React-jsiexecutor (= 0.0.0-20220124-2008-c48e5acca)
    - React-perflogger (= 0.0.0-20220124-2008-c48e5acca)
    - Yoga
  - React-Core/DevSupport (0.0.0-20220124-2008-c48e5acca):
    - glog
    - RCT-Folly (= 2021.06.28.00-v2)
    - React-Core/Default (= 0.0.0-20220124-2008-c48e5acca)
    - React-Core/RCTWebSocket (= 0.0.0-20220124-2008-c48e5acca)
    - React-cxxreact (= 0.0.0-20220124-2008-c48e5acca)
    - React-jsi (= 0.0.0-20220124-2008-c48e5acca)
    - React-jsiexecutor (= 0.0.0-20220124-2008-c48e5acca)
    - React-jsinspector (= 0.0.0-20220124-2008-c48e5acca)
    - React-perflogger (= 0.0.0-20220124-2008-c48e5acca)
    - Yoga
  - React-Core/RCTActionSheetHeaders (0.0.0-20220124-2008-c48e5acca):
    - glog
    - RCT-Folly (= 2021.06.28.00-v2)
    - React-Core/Default
    - React-cxxreact (= 0.0.0-20220124-2008-c48e5acca)
    - React-jsi (= 0.0.0-20220124-2008-c48e5acca)
    - React-jsiexecutor (= 0.0.0-20220124-2008-c48e5acca)
    - React-perflogger (= 0.0.0-20220124-2008-c48e5acca)
    - Yoga
  - React-Core/RCTAnimationHeaders (0.0.0-20220124-2008-c48e5acca):
    - glog
    - RCT-Folly (= 2021.06.28.00-v2)
    - React-Core/Default
    - React-cxxreact (= 0.0.0-20220124-2008-c48e5acca)
    - React-jsi (= 0.0.0-20220124-2008-c48e5acca)
    - React-jsiexecutor (= 0.0.0-20220124-2008-c48e5acca)
    - React-perflogger (= 0.0.0-20220124-2008-c48e5acca)
    - Yoga
  - React-Core/RCTBlobHeaders (0.0.0-20220124-2008-c48e5acca):
    - glog
    - RCT-Folly (= 2021.06.28.00-v2)
    - React-Core/Default
    - React-cxxreact (= 0.0.0-20220124-2008-c48e5acca)
    - React-jsi (= 0.0.0-20220124-2008-c48e5acca)
    - React-jsiexecutor (= 0.0.0-20220124-2008-c48e5acca)
    - React-perflogger (= 0.0.0-20220124-2008-c48e5acca)
    - Yoga
  - React-Core/RCTImageHeaders (0.0.0-20220124-2008-c48e5acca):
    - glog
    - RCT-Folly (= 2021.06.28.00-v2)
    - React-Core/Default
    - React-cxxreact (= 0.0.0-20220124-2008-c48e5acca)
    - React-jsi (= 0.0.0-20220124-2008-c48e5acca)
    - React-jsiexecutor (= 0.0.0-20220124-2008-c48e5acca)
    - React-perflogger (= 0.0.0-20220124-2008-c48e5acca)
    - Yoga
  - React-Core/RCTLinkingHeaders (0.0.0-20220124-2008-c48e5acca):
    - glog
    - RCT-Folly (= 2021.06.28.00-v2)
    - React-Core/Default
    - React-cxxreact (= 0.0.0-20220124-2008-c48e5acca)
    - React-jsi (= 0.0.0-20220124-2008-c48e5acca)
    - React-jsiexecutor (= 0.0.0-20220124-2008-c48e5acca)
    - React-perflogger (= 0.0.0-20220124-2008-c48e5acca)
    - Yoga
  - React-Core/RCTNetworkHeaders (0.0.0-20220124-2008-c48e5acca):
    - glog
    - RCT-Folly (= 2021.06.28.00-v2)
    - React-Core/Default
    - React-cxxreact (= 0.0.0-20220124-2008-c48e5acca)
    - React-jsi (= 0.0.0-20220124-2008-c48e5acca)
    - React-jsiexecutor (= 0.0.0-20220124-2008-c48e5acca)
    - React-perflogger (= 0.0.0-20220124-2008-c48e5acca)
    - Yoga
  - React-Core/RCTSettingsHeaders (0.0.0-20220124-2008-c48e5acca):
    - glog
    - RCT-Folly (= 2021.06.28.00-v2)
    - React-Core/Default
    - React-cxxreact (= 0.0.0-20220124-2008-c48e5acca)
    - React-jsi (= 0.0.0-20220124-2008-c48e5acca)
    - React-jsiexecutor (= 0.0.0-20220124-2008-c48e5acca)
    - React-perflogger (= 0.0.0-20220124-2008-c48e5acca)
    - Yoga
  - React-Core/RCTTextHeaders (0.0.0-20220124-2008-c48e5acca):
    - glog
    - RCT-Folly (= 2021.06.28.00-v2)
    - React-Core/Default
    - React-cxxreact (= 0.0.0-20220124-2008-c48e5acca)
    - React-jsi (= 0.0.0-20220124-2008-c48e5acca)
    - React-jsiexecutor (= 0.0.0-20220124-2008-c48e5acca)
    - React-perflogger (= 0.0.0-20220124-2008-c48e5acca)
    - Yoga
  - React-Core/RCTVibrationHeaders (0.0.0-20220124-2008-c48e5acca):
    - glog
    - RCT-Folly (= 2021.06.28.00-v2)
    - React-Core/Default
    - React-cxxreact (= 0.0.0-20220124-2008-c48e5acca)
    - React-jsi (= 0.0.0-20220124-2008-c48e5acca)
    - React-jsiexecutor (= 0.0.0-20220124-2008-c48e5acca)
    - React-perflogger (= 0.0.0-20220124-2008-c48e5acca)
    - Yoga
  - React-Core/RCTWebSocket (0.0.0-20220124-2008-c48e5acca):
    - glog
    - RCT-Folly (= 2021.06.28.00-v2)
    - React-Core/Default (= 0.0.0-20220124-2008-c48e5acca)
    - React-cxxreact (= 0.0.0-20220124-2008-c48e5acca)
    - React-jsi (= 0.0.0-20220124-2008-c48e5acca)
    - React-jsiexecutor (= 0.0.0-20220124-2008-c48e5acca)
    - React-perflogger (= 0.0.0-20220124-2008-c48e5acca)
    - Yoga
  - React-CoreModules (0.0.0-20220124-2008-c48e5acca):
    - RCT-Folly (= 2021.06.28.00-v2)
    - RCTTypeSafety (= 0.0.0-20220124-2008-c48e5acca)
    - React-Codegen (= 0.0.0-20220124-2008-c48e5acca)
    - React-Core/CoreModulesHeaders (= 0.0.0-20220124-2008-c48e5acca)
    - React-jsi (= 0.0.0-20220124-2008-c48e5acca)
    - React-RCTImage (= 0.0.0-20220124-2008-c48e5acca)
    - ReactCommon/turbomodule/core (= 0.0.0-20220124-2008-c48e5acca)
  - React-cxxreact (0.0.0-20220124-2008-c48e5acca):
    - boost (= 1.76.0)
    - DoubleConversion
    - glog
    - RCT-Folly (= 2021.06.28.00-v2)
    - React-callinvoker (= 0.0.0-20220124-2008-c48e5acca)
    - React-jsi (= 0.0.0-20220124-2008-c48e5acca)
    - React-jsinspector (= 0.0.0-20220124-2008-c48e5acca)
    - React-logger (= 0.0.0-20220124-2008-c48e5acca)
    - React-perflogger (= 0.0.0-20220124-2008-c48e5acca)
    - React-runtimeexecutor (= 0.0.0-20220124-2008-c48e5acca)
  - React-Fabric (0.0.0-20220124-2008-c48e5acca):
    - RCT-Folly/Fabric (= 2021.06.28.00-v2)
    - RCTRequired (= 0.0.0-20220124-2008-c48e5acca)
    - RCTTypeSafety (= 0.0.0-20220124-2008-c48e5acca)
    - React-Fabric/animations (= 0.0.0-20220124-2008-c48e5acca)
    - React-Fabric/attributedstring (= 0.0.0-20220124-2008-c48e5acca)
    - React-Fabric/butter (= 0.0.0-20220124-2008-c48e5acca)
    - React-Fabric/componentregistry (= 0.0.0-20220124-2008-c48e5acca)
    - React-Fabric/componentregistrynative (= 0.0.0-20220124-2008-c48e5acca)
    - React-Fabric/components (= 0.0.0-20220124-2008-c48e5acca)
    - React-Fabric/config (= 0.0.0-20220124-2008-c48e5acca)
    - React-Fabric/core (= 0.0.0-20220124-2008-c48e5acca)
    - React-Fabric/debug_core (= 0.0.0-20220124-2008-c48e5acca)
    - React-Fabric/debug_renderer (= 0.0.0-20220124-2008-c48e5acca)
    - React-Fabric/imagemanager (= 0.0.0-20220124-2008-c48e5acca)
    - React-Fabric/leakchecker (= 0.0.0-20220124-2008-c48e5acca)
    - React-Fabric/mounting (= 0.0.0-20220124-2008-c48e5acca)
    - React-Fabric/runtimescheduler (= 0.0.0-20220124-2008-c48e5acca)
    - React-Fabric/scheduler (= 0.0.0-20220124-2008-c48e5acca)
    - React-Fabric/telemetry (= 0.0.0-20220124-2008-c48e5acca)
    - React-Fabric/templateprocessor (= 0.0.0-20220124-2008-c48e5acca)
    - React-Fabric/textlayoutmanager (= 0.0.0-20220124-2008-c48e5acca)
    - React-Fabric/uimanager (= 0.0.0-20220124-2008-c48e5acca)
    - React-Fabric/utils (= 0.0.0-20220124-2008-c48e5acca)
    - React-graphics (= 0.0.0-20220124-2008-c48e5acca)
    - React-jsi (= 0.0.0-20220124-2008-c48e5acca)
    - React-jsiexecutor (= 0.0.0-20220124-2008-c48e5acca)
    - ReactCommon/turbomodule/core (= 0.0.0-20220124-2008-c48e5acca)
  - React-Fabric/animations (0.0.0-20220124-2008-c48e5acca):
    - RCT-Folly/Fabric (= 2021.06.28.00-v2)
    - RCTRequired (= 0.0.0-20220124-2008-c48e5acca)
    - RCTTypeSafety (= 0.0.0-20220124-2008-c48e5acca)
    - React-graphics (= 0.0.0-20220124-2008-c48e5acca)
    - React-jsi (= 0.0.0-20220124-2008-c48e5acca)
    - React-jsiexecutor (= 0.0.0-20220124-2008-c48e5acca)
    - ReactCommon/turbomodule/core (= 0.0.0-20220124-2008-c48e5acca)
  - React-Fabric/attributedstring (0.0.0-20220124-2008-c48e5acca):
    - RCT-Folly/Fabric (= 2021.06.28.00-v2)
    - RCTRequired (= 0.0.0-20220124-2008-c48e5acca)
    - RCTTypeSafety (= 0.0.0-20220124-2008-c48e5acca)
    - React-graphics (= 0.0.0-20220124-2008-c48e5acca)
    - React-jsi (= 0.0.0-20220124-2008-c48e5acca)
    - React-jsiexecutor (= 0.0.0-20220124-2008-c48e5acca)
    - ReactCommon/turbomodule/core (= 0.0.0-20220124-2008-c48e5acca)
  - React-Fabric/butter (0.0.0-20220124-2008-c48e5acca):
    - RCT-Folly/Fabric (= 2021.06.28.00-v2)
    - RCTRequired (= 0.0.0-20220124-2008-c48e5acca)
    - RCTTypeSafety (= 0.0.0-20220124-2008-c48e5acca)
    - React-graphics (= 0.0.0-20220124-2008-c48e5acca)
    - React-jsi (= 0.0.0-20220124-2008-c48e5acca)
    - React-jsiexecutor (= 0.0.0-20220124-2008-c48e5acca)
    - ReactCommon/turbomodule/core (= 0.0.0-20220124-2008-c48e5acca)
  - React-Fabric/componentregistry (0.0.0-20220124-2008-c48e5acca):
    - RCT-Folly/Fabric (= 2021.06.28.00-v2)
    - RCTRequired (= 0.0.0-20220124-2008-c48e5acca)
    - RCTTypeSafety (= 0.0.0-20220124-2008-c48e5acca)
    - React-graphics (= 0.0.0-20220124-2008-c48e5acca)
    - React-jsi (= 0.0.0-20220124-2008-c48e5acca)
    - React-jsiexecutor (= 0.0.0-20220124-2008-c48e5acca)
    - ReactCommon/turbomodule/core (= 0.0.0-20220124-2008-c48e5acca)
  - React-Fabric/componentregistrynative (0.0.0-20220124-2008-c48e5acca):
    - RCT-Folly/Fabric (= 2021.06.28.00-v2)
    - RCTRequired (= 0.0.0-20220124-2008-c48e5acca)
    - RCTTypeSafety (= 0.0.0-20220124-2008-c48e5acca)
    - React-graphics (= 0.0.0-20220124-2008-c48e5acca)
    - React-jsi (= 0.0.0-20220124-2008-c48e5acca)
    - React-jsiexecutor (= 0.0.0-20220124-2008-c48e5acca)
    - ReactCommon/turbomodule/core (= 0.0.0-20220124-2008-c48e5acca)
  - React-Fabric/components (0.0.0-20220124-2008-c48e5acca):
    - RCT-Folly/Fabric (= 2021.06.28.00-v2)
    - RCTRequired (= 0.0.0-20220124-2008-c48e5acca)
    - RCTTypeSafety (= 0.0.0-20220124-2008-c48e5acca)
    - React-Fabric/components/activityindicator (= 0.0.0-20220124-2008-c48e5acca)
    - React-Fabric/components/image (= 0.0.0-20220124-2008-c48e5acca)
    - React-Fabric/components/inputaccessory (= 0.0.0-20220124-2008-c48e5acca)
    - React-Fabric/components/legacyviewmanagerinterop (= 0.0.0-20220124-2008-c48e5acca)
    - React-Fabric/components/modal (= 0.0.0-20220124-2008-c48e5acca)
    - React-Fabric/components/root (= 0.0.0-20220124-2008-c48e5acca)
    - React-Fabric/components/safeareaview (= 0.0.0-20220124-2008-c48e5acca)
    - React-Fabric/components/scrollview (= 0.0.0-20220124-2008-c48e5acca)
    - React-Fabric/components/slider (= 0.0.0-20220124-2008-c48e5acca)
    - React-Fabric/components/text (= 0.0.0-20220124-2008-c48e5acca)
    - React-Fabric/components/textinput (= 0.0.0-20220124-2008-c48e5acca)
    - React-Fabric/components/unimplementedview (= 0.0.0-20220124-2008-c48e5acca)
    - React-Fabric/components/view (= 0.0.0-20220124-2008-c48e5acca)
    - React-graphics (= 0.0.0-20220124-2008-c48e5acca)
    - React-jsi (= 0.0.0-20220124-2008-c48e5acca)
    - React-jsiexecutor (= 0.0.0-20220124-2008-c48e5acca)
    - ReactCommon/turbomodule/core (= 0.0.0-20220124-2008-c48e5acca)
  - React-Fabric/components/activityindicator (0.0.0-20220124-2008-c48e5acca):
    - RCT-Folly/Fabric (= 2021.06.28.00-v2)
    - RCTRequired (= 0.0.0-20220124-2008-c48e5acca)
    - RCTTypeSafety (= 0.0.0-20220124-2008-c48e5acca)
    - React-graphics (= 0.0.0-20220124-2008-c48e5acca)
    - React-jsi (= 0.0.0-20220124-2008-c48e5acca)
    - React-jsiexecutor (= 0.0.0-20220124-2008-c48e5acca)
    - ReactCommon/turbomodule/core (= 0.0.0-20220124-2008-c48e5acca)
  - React-Fabric/components/image (0.0.0-20220124-2008-c48e5acca):
    - RCT-Folly/Fabric (= 2021.06.28.00-v2)
    - RCTRequired (= 0.0.0-20220124-2008-c48e5acca)
    - RCTTypeSafety (= 0.0.0-20220124-2008-c48e5acca)
    - React-graphics (= 0.0.0-20220124-2008-c48e5acca)
    - React-jsi (= 0.0.0-20220124-2008-c48e5acca)
    - React-jsiexecutor (= 0.0.0-20220124-2008-c48e5acca)
    - ReactCommon/turbomodule/core (= 0.0.0-20220124-2008-c48e5acca)
  - React-Fabric/components/inputaccessory (0.0.0-20220124-2008-c48e5acca):
    - RCT-Folly/Fabric (= 2021.06.28.00-v2)
    - RCTRequired (= 0.0.0-20220124-2008-c48e5acca)
    - RCTTypeSafety (= 0.0.0-20220124-2008-c48e5acca)
    - React-graphics (= 0.0.0-20220124-2008-c48e5acca)
    - React-jsi (= 0.0.0-20220124-2008-c48e5acca)
    - React-jsiexecutor (= 0.0.0-20220124-2008-c48e5acca)
    - ReactCommon/turbomodule/core (= 0.0.0-20220124-2008-c48e5acca)
  - React-Fabric/components/legacyviewmanagerinterop (0.0.0-20220124-2008-c48e5acca):
    - RCT-Folly/Fabric (= 2021.06.28.00-v2)
    - RCTRequired (= 0.0.0-20220124-2008-c48e5acca)
    - RCTTypeSafety (= 0.0.0-20220124-2008-c48e5acca)
    - React-graphics (= 0.0.0-20220124-2008-c48e5acca)
    - React-jsi (= 0.0.0-20220124-2008-c48e5acca)
    - React-jsiexecutor (= 0.0.0-20220124-2008-c48e5acca)
    - ReactCommon/turbomodule/core (= 0.0.0-20220124-2008-c48e5acca)
  - React-Fabric/components/modal (0.0.0-20220124-2008-c48e5acca):
    - RCT-Folly/Fabric (= 2021.06.28.00-v2)
    - RCTRequired (= 0.0.0-20220124-2008-c48e5acca)
    - RCTTypeSafety (= 0.0.0-20220124-2008-c48e5acca)
    - React-graphics (= 0.0.0-20220124-2008-c48e5acca)
    - React-jsi (= 0.0.0-20220124-2008-c48e5acca)
    - React-jsiexecutor (= 0.0.0-20220124-2008-c48e5acca)
    - ReactCommon/turbomodule/core (= 0.0.0-20220124-2008-c48e5acca)
  - React-Fabric/components/root (0.0.0-20220124-2008-c48e5acca):
    - RCT-Folly/Fabric (= 2021.06.28.00-v2)
    - RCTRequired (= 0.0.0-20220124-2008-c48e5acca)
    - RCTTypeSafety (= 0.0.0-20220124-2008-c48e5acca)
    - React-graphics (= 0.0.0-20220124-2008-c48e5acca)
    - React-jsi (= 0.0.0-20220124-2008-c48e5acca)
    - React-jsiexecutor (= 0.0.0-20220124-2008-c48e5acca)
    - ReactCommon/turbomodule/core (= 0.0.0-20220124-2008-c48e5acca)
  - React-Fabric/components/safeareaview (0.0.0-20220124-2008-c48e5acca):
    - RCT-Folly/Fabric (= 2021.06.28.00-v2)
    - RCTRequired (= 0.0.0-20220124-2008-c48e5acca)
    - RCTTypeSafety (= 0.0.0-20220124-2008-c48e5acca)
    - React-graphics (= 0.0.0-20220124-2008-c48e5acca)
    - React-jsi (= 0.0.0-20220124-2008-c48e5acca)
    - React-jsiexecutor (= 0.0.0-20220124-2008-c48e5acca)
    - ReactCommon/turbomodule/core (= 0.0.0-20220124-2008-c48e5acca)
  - React-Fabric/components/scrollview (0.0.0-20220124-2008-c48e5acca):
    - RCT-Folly/Fabric (= 2021.06.28.00-v2)
    - RCTRequired (= 0.0.0-20220124-2008-c48e5acca)
    - RCTTypeSafety (= 0.0.0-20220124-2008-c48e5acca)
    - React-graphics (= 0.0.0-20220124-2008-c48e5acca)
    - React-jsi (= 0.0.0-20220124-2008-c48e5acca)
    - React-jsiexecutor (= 0.0.0-20220124-2008-c48e5acca)
    - ReactCommon/turbomodule/core (= 0.0.0-20220124-2008-c48e5acca)
  - React-Fabric/components/slider (0.0.0-20220124-2008-c48e5acca):
    - RCT-Folly/Fabric (= 2021.06.28.00-v2)
    - RCTRequired (= 0.0.0-20220124-2008-c48e5acca)
    - RCTTypeSafety (= 0.0.0-20220124-2008-c48e5acca)
    - React-graphics (= 0.0.0-20220124-2008-c48e5acca)
    - React-jsi (= 0.0.0-20220124-2008-c48e5acca)
    - React-jsiexecutor (= 0.0.0-20220124-2008-c48e5acca)
    - ReactCommon/turbomodule/core (= 0.0.0-20220124-2008-c48e5acca)
  - React-Fabric/components/text (0.0.0-20220124-2008-c48e5acca):
    - RCT-Folly/Fabric (= 2021.06.28.00-v2)
    - RCTRequired (= 0.0.0-20220124-2008-c48e5acca)
    - RCTTypeSafety (= 0.0.0-20220124-2008-c48e5acca)
    - React-graphics (= 0.0.0-20220124-2008-c48e5acca)
    - React-jsi (= 0.0.0-20220124-2008-c48e5acca)
    - React-jsiexecutor (= 0.0.0-20220124-2008-c48e5acca)
    - ReactCommon/turbomodule/core (= 0.0.0-20220124-2008-c48e5acca)
  - React-Fabric/components/textinput (0.0.0-20220124-2008-c48e5acca):
    - RCT-Folly/Fabric (= 2021.06.28.00-v2)
    - RCTRequired (= 0.0.0-20220124-2008-c48e5acca)
    - RCTTypeSafety (= 0.0.0-20220124-2008-c48e5acca)
    - React-graphics (= 0.0.0-20220124-2008-c48e5acca)
    - React-jsi (= 0.0.0-20220124-2008-c48e5acca)
    - React-jsiexecutor (= 0.0.0-20220124-2008-c48e5acca)
    - ReactCommon/turbomodule/core (= 0.0.0-20220124-2008-c48e5acca)
  - React-Fabric/components/unimplementedview (0.0.0-20220124-2008-c48e5acca):
    - RCT-Folly/Fabric (= 2021.06.28.00-v2)
    - RCTRequired (= 0.0.0-20220124-2008-c48e5acca)
    - RCTTypeSafety (= 0.0.0-20220124-2008-c48e5acca)
    - React-graphics (= 0.0.0-20220124-2008-c48e5acca)
    - React-jsi (= 0.0.0-20220124-2008-c48e5acca)
    - React-jsiexecutor (= 0.0.0-20220124-2008-c48e5acca)
    - ReactCommon/turbomodule/core (= 0.0.0-20220124-2008-c48e5acca)
  - React-Fabric/components/view (0.0.0-20220124-2008-c48e5acca):
    - RCT-Folly/Fabric (= 2021.06.28.00-v2)
    - RCTRequired (= 0.0.0-20220124-2008-c48e5acca)
    - RCTTypeSafety (= 0.0.0-20220124-2008-c48e5acca)
    - React-graphics (= 0.0.0-20220124-2008-c48e5acca)
    - React-jsi (= 0.0.0-20220124-2008-c48e5acca)
    - React-jsiexecutor (= 0.0.0-20220124-2008-c48e5acca)
    - ReactCommon/turbomodule/core (= 0.0.0-20220124-2008-c48e5acca)
    - Yoga
  - React-Fabric/config (0.0.0-20220124-2008-c48e5acca):
    - RCT-Folly/Fabric (= 2021.06.28.00-v2)
    - RCTRequired (= 0.0.0-20220124-2008-c48e5acca)
    - RCTTypeSafety (= 0.0.0-20220124-2008-c48e5acca)
    - React-graphics (= 0.0.0-20220124-2008-c48e5acca)
    - React-jsi (= 0.0.0-20220124-2008-c48e5acca)
    - React-jsiexecutor (= 0.0.0-20220124-2008-c48e5acca)
    - ReactCommon/turbomodule/core (= 0.0.0-20220124-2008-c48e5acca)
  - React-Fabric/core (0.0.0-20220124-2008-c48e5acca):
    - RCT-Folly/Fabric (= 2021.06.28.00-v2)
    - RCTRequired (= 0.0.0-20220124-2008-c48e5acca)
    - RCTTypeSafety (= 0.0.0-20220124-2008-c48e5acca)
    - React-graphics (= 0.0.0-20220124-2008-c48e5acca)
    - React-jsi (= 0.0.0-20220124-2008-c48e5acca)
    - React-jsiexecutor (= 0.0.0-20220124-2008-c48e5acca)
    - ReactCommon/turbomodule/core (= 0.0.0-20220124-2008-c48e5acca)
  - React-Fabric/debug_core (0.0.0-20220124-2008-c48e5acca):
    - RCT-Folly/Fabric (= 2021.06.28.00-v2)
    - RCTRequired (= 0.0.0-20220124-2008-c48e5acca)
    - RCTTypeSafety (= 0.0.0-20220124-2008-c48e5acca)
    - React-graphics (= 0.0.0-20220124-2008-c48e5acca)
    - React-jsi (= 0.0.0-20220124-2008-c48e5acca)
    - React-jsiexecutor (= 0.0.0-20220124-2008-c48e5acca)
    - ReactCommon/turbomodule/core (= 0.0.0-20220124-2008-c48e5acca)
  - React-Fabric/debug_renderer (0.0.0-20220124-2008-c48e5acca):
    - RCT-Folly/Fabric (= 2021.06.28.00-v2)
    - RCTRequired (= 0.0.0-20220124-2008-c48e5acca)
    - RCTTypeSafety (= 0.0.0-20220124-2008-c48e5acca)
    - React-graphics (= 0.0.0-20220124-2008-c48e5acca)
    - React-jsi (= 0.0.0-20220124-2008-c48e5acca)
    - React-jsiexecutor (= 0.0.0-20220124-2008-c48e5acca)
    - ReactCommon/turbomodule/core (= 0.0.0-20220124-2008-c48e5acca)
  - React-Fabric/imagemanager (0.0.0-20220124-2008-c48e5acca):
    - RCT-Folly/Fabric (= 2021.06.28.00-v2)
    - RCTRequired (= 0.0.0-20220124-2008-c48e5acca)
    - RCTTypeSafety (= 0.0.0-20220124-2008-c48e5acca)
    - React-graphics (= 0.0.0-20220124-2008-c48e5acca)
    - React-jsi (= 0.0.0-20220124-2008-c48e5acca)
    - React-jsiexecutor (= 0.0.0-20220124-2008-c48e5acca)
    - React-RCTImage (= 0.0.0-20220124-2008-c48e5acca)
    - ReactCommon/turbomodule/core (= 0.0.0-20220124-2008-c48e5acca)
  - React-Fabric/leakchecker (0.0.0-20220124-2008-c48e5acca):
    - RCT-Folly/Fabric (= 2021.06.28.00-v2)
    - RCTRequired (= 0.0.0-20220124-2008-c48e5acca)
    - RCTTypeSafety (= 0.0.0-20220124-2008-c48e5acca)
    - React-graphics (= 0.0.0-20220124-2008-c48e5acca)
    - React-jsi (= 0.0.0-20220124-2008-c48e5acca)
    - React-jsiexecutor (= 0.0.0-20220124-2008-c48e5acca)
    - ReactCommon/turbomodule/core (= 0.0.0-20220124-2008-c48e5acca)
  - React-Fabric/mounting (0.0.0-20220124-2008-c48e5acca):
    - RCT-Folly/Fabric (= 2021.06.28.00-v2)
    - RCTRequired (= 0.0.0-20220124-2008-c48e5acca)
    - RCTTypeSafety (= 0.0.0-20220124-2008-c48e5acca)
    - React-graphics (= 0.0.0-20220124-2008-c48e5acca)
    - React-jsi (= 0.0.0-20220124-2008-c48e5acca)
    - React-jsiexecutor (= 0.0.0-20220124-2008-c48e5acca)
    - ReactCommon/turbomodule/core (= 0.0.0-20220124-2008-c48e5acca)
  - React-Fabric/runtimescheduler (0.0.0-20220124-2008-c48e5acca):
    - RCT-Folly/Fabric (= 2021.06.28.00-v2)
    - RCTRequired (= 0.0.0-20220124-2008-c48e5acca)
    - RCTTypeSafety (= 0.0.0-20220124-2008-c48e5acca)
    - React-graphics (= 0.0.0-20220124-2008-c48e5acca)
    - React-jsi (= 0.0.0-20220124-2008-c48e5acca)
    - React-jsiexecutor (= 0.0.0-20220124-2008-c48e5acca)
    - ReactCommon/turbomodule/core (= 0.0.0-20220124-2008-c48e5acca)
  - React-Fabric/scheduler (0.0.0-20220124-2008-c48e5acca):
    - RCT-Folly/Fabric (= 2021.06.28.00-v2)
    - RCTRequired (= 0.0.0-20220124-2008-c48e5acca)
    - RCTTypeSafety (= 0.0.0-20220124-2008-c48e5acca)
    - React-graphics (= 0.0.0-20220124-2008-c48e5acca)
    - React-jsi (= 0.0.0-20220124-2008-c48e5acca)
    - React-jsiexecutor (= 0.0.0-20220124-2008-c48e5acca)
    - ReactCommon/turbomodule/core (= 0.0.0-20220124-2008-c48e5acca)
  - React-Fabric/telemetry (0.0.0-20220124-2008-c48e5acca):
    - RCT-Folly/Fabric (= 2021.06.28.00-v2)
    - RCTRequired (= 0.0.0-20220124-2008-c48e5acca)
    - RCTTypeSafety (= 0.0.0-20220124-2008-c48e5acca)
    - React-graphics (= 0.0.0-20220124-2008-c48e5acca)
    - React-jsi (= 0.0.0-20220124-2008-c48e5acca)
    - React-jsiexecutor (= 0.0.0-20220124-2008-c48e5acca)
    - ReactCommon/turbomodule/core (= 0.0.0-20220124-2008-c48e5acca)
  - React-Fabric/templateprocessor (0.0.0-20220124-2008-c48e5acca):
    - RCT-Folly/Fabric (= 2021.06.28.00-v2)
    - RCTRequired (= 0.0.0-20220124-2008-c48e5acca)
    - RCTTypeSafety (= 0.0.0-20220124-2008-c48e5acca)
    - React-graphics (= 0.0.0-20220124-2008-c48e5acca)
    - React-jsi (= 0.0.0-20220124-2008-c48e5acca)
    - React-jsiexecutor (= 0.0.0-20220124-2008-c48e5acca)
    - ReactCommon/turbomodule/core (= 0.0.0-20220124-2008-c48e5acca)
  - React-Fabric/textlayoutmanager (0.0.0-20220124-2008-c48e5acca):
    - RCT-Folly/Fabric (= 2021.06.28.00-v2)
    - RCTRequired (= 0.0.0-20220124-2008-c48e5acca)
    - RCTTypeSafety (= 0.0.0-20220124-2008-c48e5acca)
    - React-Fabric/uimanager
    - React-graphics (= 0.0.0-20220124-2008-c48e5acca)
    - React-jsi (= 0.0.0-20220124-2008-c48e5acca)
    - React-jsiexecutor (= 0.0.0-20220124-2008-c48e5acca)
    - ReactCommon/turbomodule/core (= 0.0.0-20220124-2008-c48e5acca)
  - React-Fabric/uimanager (0.0.0-20220124-2008-c48e5acca):
    - RCT-Folly/Fabric (= 2021.06.28.00-v2)
    - RCTRequired (= 0.0.0-20220124-2008-c48e5acca)
    - RCTTypeSafety (= 0.0.0-20220124-2008-c48e5acca)
    - React-graphics (= 0.0.0-20220124-2008-c48e5acca)
    - React-jsi (= 0.0.0-20220124-2008-c48e5acca)
    - React-jsiexecutor (= 0.0.0-20220124-2008-c48e5acca)
    - ReactCommon/turbomodule/core (= 0.0.0-20220124-2008-c48e5acca)
  - React-Fabric/utils (0.0.0-20220124-2008-c48e5acca):
    - RCT-Folly/Fabric (= 2021.06.28.00-v2)
    - RCTRequired (= 0.0.0-20220124-2008-c48e5acca)
    - RCTTypeSafety (= 0.0.0-20220124-2008-c48e5acca)
    - React-graphics (= 0.0.0-20220124-2008-c48e5acca)
    - React-jsi (= 0.0.0-20220124-2008-c48e5acca)
    - React-jsiexecutor (= 0.0.0-20220124-2008-c48e5acca)
    - ReactCommon/turbomodule/core (= 0.0.0-20220124-2008-c48e5acca)
  - React-graphics (0.0.0-20220124-2008-c48e5acca):
    - RCT-Folly/Fabric (= 2021.06.28.00-v2)
    - React-Core/Default (= 0.0.0-20220124-2008-c48e5acca)
  - React-hermes (0.0.0-20220124-2008-c48e5acca):
    - DoubleConversion
    - glog
    - hermes-engine
    - RCT-Folly (= 2021.06.28.00-v2)
    - RCT-Folly/Futures (= 2021.06.28.00-v2)
    - React-cxxreact (= 0.0.0-20220124-2008-c48e5acca)
    - React-jsi (= 0.0.0-20220124-2008-c48e5acca)
    - React-jsiexecutor (= 0.0.0-20220124-2008-c48e5acca)
    - React-jsinspector (= 0.0.0-20220124-2008-c48e5acca)
    - React-perflogger (= 0.0.0-20220124-2008-c48e5acca)
  - React-jsi (0.0.0-20220124-2008-c48e5acca):
    - boost (= 1.76.0)
    - DoubleConversion
    - glog
    - RCT-Folly (= 2021.06.28.00-v2)
    - React-jsi/Default (= 0.0.0-20220124-2008-c48e5acca)
  - React-jsi/Default (0.0.0-20220124-2008-c48e5acca):
    - boost (= 1.76.0)
    - DoubleConversion
    - glog
    - RCT-Folly (= 2021.06.28.00-v2)
  - React-jsi/Fabric (0.0.0-20220124-2008-c48e5acca):
    - boost (= 1.76.0)
    - DoubleConversion
    - glog
    - RCT-Folly (= 2021.06.28.00-v2)
  - React-jsiexecutor (0.0.0-20220124-2008-c48e5acca):
    - DoubleConversion
    - glog
    - RCT-Folly (= 2021.06.28.00-v2)
    - React-cxxreact (= 0.0.0-20220124-2008-c48e5acca)
    - React-jsi (= 0.0.0-20220124-2008-c48e5acca)
    - React-perflogger (= 0.0.0-20220124-2008-c48e5acca)
  - React-jsinspector (0.0.0-20220124-2008-c48e5acca)
  - React-logger (0.0.0-20220124-2008-c48e5acca):
    - glog
  - React-perflogger (0.0.0-20220124-2008-c48e5acca)
  - React-RCTActionSheet (0.0.0-20220124-2008-c48e5acca):
    - React-Core/RCTActionSheetHeaders (= 0.0.0-20220124-2008-c48e5acca)
  - React-RCTAnimation (0.0.0-20220124-2008-c48e5acca):
    - RCT-Folly (= 2021.06.28.00-v2)
    - RCTTypeSafety (= 0.0.0-20220124-2008-c48e5acca)
    - React-Codegen (= 0.0.0-20220124-2008-c48e5acca)
    - React-Core/RCTAnimationHeaders (= 0.0.0-20220124-2008-c48e5acca)
    - React-jsi (= 0.0.0-20220124-2008-c48e5acca)
    - ReactCommon/turbomodule/core (= 0.0.0-20220124-2008-c48e5acca)
  - React-RCTBlob (0.0.0-20220124-2008-c48e5acca):
    - RCT-Folly (= 2021.06.28.00-v2)
    - React-Codegen (= 0.0.0-20220124-2008-c48e5acca)
    - React-Core/RCTBlobHeaders (= 0.0.0-20220124-2008-c48e5acca)
    - React-Core/RCTWebSocket (= 0.0.0-20220124-2008-c48e5acca)
    - React-jsi (= 0.0.0-20220124-2008-c48e5acca)
    - React-RCTNetwork (= 0.0.0-20220124-2008-c48e5acca)
    - ReactCommon/turbomodule/core (= 0.0.0-20220124-2008-c48e5acca)
  - React-RCTFabric (0.0.0-20220124-2008-c48e5acca):
    - RCT-Folly/Fabric (= 2021.06.28.00-v2)
    - React-Core (= 0.0.0-20220124-2008-c48e5acca)
    - React-Fabric (= 0.0.0-20220124-2008-c48e5acca)
    - React-RCTImage (= 0.0.0-20220124-2008-c48e5acca)
  - React-RCTImage (0.0.0-20220124-2008-c48e5acca):
    - RCT-Folly (= 2021.06.28.00-v2)
    - RCTTypeSafety (= 0.0.0-20220124-2008-c48e5acca)
    - React-Codegen (= 0.0.0-20220124-2008-c48e5acca)
    - React-Core/RCTImageHeaders (= 0.0.0-20220124-2008-c48e5acca)
    - React-jsi (= 0.0.0-20220124-2008-c48e5acca)
    - React-RCTNetwork (= 0.0.0-20220124-2008-c48e5acca)
    - ReactCommon/turbomodule/core (= 0.0.0-20220124-2008-c48e5acca)
  - React-RCTLinking (0.0.0-20220124-2008-c48e5acca):
    - React-Codegen (= 0.0.0-20220124-2008-c48e5acca)
    - React-Core/RCTLinkingHeaders (= 0.0.0-20220124-2008-c48e5acca)
    - React-jsi (= 0.0.0-20220124-2008-c48e5acca)
    - ReactCommon/turbomodule/core (= 0.0.0-20220124-2008-c48e5acca)
  - React-RCTNetwork (0.0.0-20220124-2008-c48e5acca):
    - RCT-Folly (= 2021.06.28.00-v2)
    - RCTTypeSafety (= 0.0.0-20220124-2008-c48e5acca)
    - React-Codegen (= 0.0.0-20220124-2008-c48e5acca)
    - React-Core/RCTNetworkHeaders (= 0.0.0-20220124-2008-c48e5acca)
    - React-jsi (= 0.0.0-20220124-2008-c48e5acca)
    - ReactCommon/turbomodule/core (= 0.0.0-20220124-2008-c48e5acca)
  - React-RCTSettings (0.0.0-20220124-2008-c48e5acca):
    - RCT-Folly (= 2021.06.28.00-v2)
    - RCTTypeSafety (= 0.0.0-20220124-2008-c48e5acca)
    - React-Codegen (= 0.0.0-20220124-2008-c48e5acca)
    - React-Core/RCTSettingsHeaders (= 0.0.0-20220124-2008-c48e5acca)
    - React-jsi (= 0.0.0-20220124-2008-c48e5acca)
    - ReactCommon/turbomodule/core (= 0.0.0-20220124-2008-c48e5acca)
  - React-RCTText (0.0.0-20220124-2008-c48e5acca):
    - React-Core/RCTTextHeaders (= 0.0.0-20220124-2008-c48e5acca)
  - React-RCTVibration (0.0.0-20220124-2008-c48e5acca):
    - RCT-Folly (= 2021.06.28.00-v2)
    - React-Codegen (= 0.0.0-20220124-2008-c48e5acca)
    - React-Core/RCTVibrationHeaders (= 0.0.0-20220124-2008-c48e5acca)
    - React-jsi (= 0.0.0-20220124-2008-c48e5acca)
    - ReactCommon/turbomodule/core (= 0.0.0-20220124-2008-c48e5acca)
  - React-rncore (0.0.0-20220124-2008-c48e5acca)
  - React-runtimeexecutor (0.0.0-20220124-2008-c48e5acca):
    - React-jsi (= 0.0.0-20220124-2008-c48e5acca)
  - ReactCommon/turbomodule/core (0.0.0-20220124-2008-c48e5acca):
    - DoubleConversion
    - glog
    - RCT-Folly (= 2021.06.28.00-v2)
    - React-callinvoker (= 0.0.0-20220124-2008-c48e5acca)
    - React-Core (= 0.0.0-20220124-2008-c48e5acca)
    - React-cxxreact (= 0.0.0-20220124-2008-c48e5acca)
    - React-jsi (= 0.0.0-20220124-2008-c48e5acca)
    - React-logger (= 0.0.0-20220124-2008-c48e5acca)
    - React-perflogger (= 0.0.0-20220124-2008-c48e5acca)
  - SocketRocket (0.6.0)
  - Yoga (1.14.0)
  - YogaKit (1.18.1):
    - Yoga (~> 1.14)

DEPENDENCIES:
  - boost (from `../node_modules/react-native/third-party-podspecs/boost.podspec`)
  - DoubleConversion (from `../node_modules/react-native/third-party-podspecs/DoubleConversion.podspec`)
  - FBLazyVector (from `../node_modules/react-native/Libraries/FBLazyVector`)
  - FBReactNativeSpec (from `../node_modules/react-native/React/FBReactNativeSpec`)
  - Flipper (= 0.125.0)
  - Flipper-Boost-iOSX (= 1.76.0.1.11)
  - Flipper-DoubleConversion (= 3.1.7)
  - Flipper-Fmt (= 7.1.7)
  - Flipper-Folly (= 2.6.10)
  - Flipper-Glog (= 0.3.9)
  - Flipper-PeerTalk (= 0.0.4)
  - Flipper-RSocket (= 1.4.3)
  - FlipperKit (= 0.125.0)
  - FlipperKit/Core (= 0.125.0)
  - FlipperKit/CppBridge (= 0.125.0)
  - FlipperKit/FBCxxFollyDynamicConvert (= 0.125.0)
  - FlipperKit/FBDefines (= 0.125.0)
  - FlipperKit/FKPortForwarding (= 0.125.0)
  - FlipperKit/FlipperKitHighlightOverlay (= 0.125.0)
  - FlipperKit/FlipperKitLayoutPlugin (= 0.125.0)
  - FlipperKit/FlipperKitLayoutTextSearchable (= 0.125.0)
  - FlipperKit/FlipperKitNetworkPlugin (= 0.125.0)
  - FlipperKit/FlipperKitReactPlugin (= 0.125.0)
  - FlipperKit/FlipperKitUserDefaultsPlugin (= 0.125.0)
  - FlipperKit/SKIOSNetworkPlugin (= 0.125.0)
  - glog (from `../node_modules/react-native/third-party-podspecs/glog.podspec`)
  - hermes-engine (~> 0.10.0)
  - libevent (~> 2.1.12)
  - OpenSSL-Universal (= 1.1.1100)
  - RCT-Folly (from `../node_modules/react-native/third-party-podspecs/RCT-Folly.podspec`)
  - RCT-Folly/Fabric (from `../node_modules/react-native/third-party-podspecs/RCT-Folly.podspec`)
  - RCTRequired (from `../node_modules/react-native/Libraries/RCTRequired`)
  - RCTTypeSafety (from `../node_modules/react-native/Libraries/TypeSafety`)
  - React (from `../node_modules/react-native/`)
  - React-callinvoker (from `../node_modules/react-native/ReactCommon/callinvoker`)
  - React-Codegen (from `build/generated/ios`)
  - React-Core (from `../node_modules/react-native/`)
  - React-Core/DevSupport (from `../node_modules/react-native/`)
  - React-Core/RCTWebSocket (from `../node_modules/react-native/`)
  - React-CoreModules (from `../node_modules/react-native/React/CoreModules`)
  - React-cxxreact (from `../node_modules/react-native/ReactCommon/cxxreact`)
  - React-Fabric (from `../node_modules/react-native/ReactCommon`)
  - React-graphics (from `../node_modules/react-native/ReactCommon/react/renderer/graphics`)
  - React-hermes (from `../node_modules/react-native/ReactCommon/hermes`)
  - React-jsi (from `../node_modules/react-native/ReactCommon/jsi`)
  - React-jsi/Fabric (from `../node_modules/react-native/ReactCommon/jsi`)
  - React-jsiexecutor (from `../node_modules/react-native/ReactCommon/jsiexecutor`)
  - React-jsinspector (from `../node_modules/react-native/ReactCommon/jsinspector`)
  - React-logger (from `../node_modules/react-native/ReactCommon/logger`)
  - React-perflogger (from `../node_modules/react-native/ReactCommon/reactperflogger`)
  - React-RCTActionSheet (from `../node_modules/react-native/Libraries/ActionSheetIOS`)
  - React-RCTAnimation (from `../node_modules/react-native/Libraries/NativeAnimation`)
  - React-RCTBlob (from `../node_modules/react-native/Libraries/Blob`)
  - React-RCTFabric (from `../node_modules/react-native/React`)
  - React-RCTImage (from `../node_modules/react-native/Libraries/Image`)
  - React-RCTLinking (from `../node_modules/react-native/Libraries/LinkingIOS`)
  - React-RCTNetwork (from `../node_modules/react-native/Libraries/Network`)
  - React-RCTSettings (from `../node_modules/react-native/Libraries/Settings`)
  - React-RCTText (from `../node_modules/react-native/Libraries/Text`)
  - React-RCTVibration (from `../node_modules/react-native/Libraries/Vibration`)
  - React-rncore (from `../node_modules/react-native/ReactCommon`)
  - React-runtimeexecutor (from `../node_modules/react-native/ReactCommon/runtimeexecutor`)
  - ReactCommon/turbomodule/core (from `../node_modules/react-native/ReactCommon`)
  - Yoga (from `../node_modules/react-native/ReactCommon/yoga`)

SPEC REPOS:
  trunk:
    - CocoaAsyncSocket
    - Flipper
    - Flipper-Boost-iOSX
    - Flipper-DoubleConversion
    - Flipper-Fmt
    - Flipper-Folly
    - Flipper-Glog
    - Flipper-PeerTalk
    - Flipper-RSocket
    - FlipperKit
    - fmt
    - hermes-engine
    - libevent
    - OpenSSL-Universal
    - SocketRocket
    - YogaKit

EXTERNAL SOURCES:
  boost:
    :podspec: "../node_modules/react-native/third-party-podspecs/boost.podspec"
  DoubleConversion:
    :podspec: "../node_modules/react-native/third-party-podspecs/DoubleConversion.podspec"
  FBLazyVector:
    :path: "../node_modules/react-native/Libraries/FBLazyVector"
  FBReactNativeSpec:
    :path: "../node_modules/react-native/React/FBReactNativeSpec"
  glog:
    :podspec: "../node_modules/react-native/third-party-podspecs/glog.podspec"
  RCT-Folly:
    :podspec: "../node_modules/react-native/third-party-podspecs/RCT-Folly.podspec"
  RCTRequired:
    :path: "../node_modules/react-native/Libraries/RCTRequired"
  RCTTypeSafety:
    :path: "../node_modules/react-native/Libraries/TypeSafety"
  React:
    :path: "../node_modules/react-native/"
  React-callinvoker:
    :path: "../node_modules/react-native/ReactCommon/callinvoker"
  React-Codegen:
    :path: build/generated/ios
  React-Core:
    :path: "../node_modules/react-native/"
  React-CoreModules:
    :path: "../node_modules/react-native/React/CoreModules"
  React-cxxreact:
    :path: "../node_modules/react-native/ReactCommon/cxxreact"
  React-Fabric:
    :path: "../node_modules/react-native/ReactCommon"
  React-graphics:
    :path: "../node_modules/react-native/ReactCommon/react/renderer/graphics"
  React-hermes:
    :path: "../node_modules/react-native/ReactCommon/hermes"
  React-jsi:
    :path: "../node_modules/react-native/ReactCommon/jsi"
  React-jsiexecutor:
    :path: "../node_modules/react-native/ReactCommon/jsiexecutor"
  React-jsinspector:
    :path: "../node_modules/react-native/ReactCommon/jsinspector"
  React-logger:
    :path: "../node_modules/react-native/ReactCommon/logger"
  React-perflogger:
    :path: "../node_modules/react-native/ReactCommon/reactperflogger"
  React-RCTActionSheet:
    :path: "../node_modules/react-native/Libraries/ActionSheetIOS"
  React-RCTAnimation:
    :path: "../node_modules/react-native/Libraries/NativeAnimation"
  React-RCTBlob:
    :path: "../node_modules/react-native/Libraries/Blob"
  React-RCTFabric:
    :path: "../node_modules/react-native/React"
  React-RCTImage:
    :path: "../node_modules/react-native/Libraries/Image"
  React-RCTLinking:
    :path: "../node_modules/react-native/Libraries/LinkingIOS"
  React-RCTNetwork:
    :path: "../node_modules/react-native/Libraries/Network"
  React-RCTSettings:
    :path: "../node_modules/react-native/Libraries/Settings"
  React-RCTText:
    :path: "../node_modules/react-native/Libraries/Text"
  React-RCTVibration:
    :path: "../node_modules/react-native/Libraries/Vibration"
  React-rncore:
    :path: "../node_modules/react-native/ReactCommon"
  React-runtimeexecutor:
    :path: "../node_modules/react-native/ReactCommon/runtimeexecutor"
  ReactCommon:
    :path: "../node_modules/react-native/ReactCommon"
  Yoga:
    :path: "../node_modules/react-native/ReactCommon/yoga"

SPEC CHECKSUMS:
  boost: a7c83b31436843459a1961bfd74b96033dc77234
  CocoaAsyncSocket: 065fd1e645c7abab64f7a6a2007a48038fdc6a99
  DoubleConversion: 831926d9b8bf8166fd87886c4abab286c2422662
  FBLazyVector: 0198c90c606b60dfa4bc67801a28fd5665f0659d
  FBReactNativeSpec: b76b4c39198435621c53c67ea400f504c67e5e97
  Flipper: 26fc4b7382499f1281eb8cb921e5c3ad6de91fe0
  Flipper-Boost-iOSX: fd1e2b8cbef7e662a122412d7ac5f5bea715403c
  Flipper-DoubleConversion: 57ffbe81ef95306cc9e69c4aa3aeeeeb58a6a28c
  Flipper-Fmt: 60cbdd92fc254826e61d669a5d87ef7015396a9b
  Flipper-Folly: 584845625005ff068a6ebf41f857f468decd26b3
  Flipper-Glog: 05579840e2750ec907ee2f81544f41ad76a7cae4
  Flipper-PeerTalk: 116d8f857dc6ef55c7a5a75ea3ceaafe878aadc9
  Flipper-RSocket: d9d9ade67cbecf6ac10730304bf5607266dd2541
  FlipperKit: cbdee19bdd4e7f05472a66ce290f1b729ba3cb86
  fmt: ff9d55029c625d3757ed641535fd4a75fedc7ce9
  glog: 5337263514dd6f09803962437687240c5dc39aa4
  hermes-engine: 130ce0f7b421b5eb7bee5d242a859a11f2ca8585
  libevent: 4049cae6c81cdb3654a443be001fb9bdceff7913
  OpenSSL-Universal: ebc357f1e6bc71fa463ccb2fe676756aff50e88c
  RCT-Folly: 803a9cfd78114b2ec0f140cfa6fa2a6bafb2d685
  RCTRequired: a13fdee35009ac05d9fbbe50c58876626c8b7fcb
  RCTTypeSafety: 89243c0c1a69a0e70a0c8fec57a8f3a114375818
  React: ec7458c6abe06b584780043e86e6f0d4c4956a03
  React-callinvoker: 07c74dfbbdeafa0b0820aeeb13140ec879126c10
  React-Codegen: 22de921395faffab92c04a70534498b5b7b659e6
  React-Core: b5482fed3ef7e00e05607e54d102b3987409081d
  React-CoreModules: 995636bb51b70966c8c82615103fbb5abb130bd0
  React-cxxreact: 96b66000c2b16a3a7730285810c99801b907eb4a
  React-Fabric: f04dc91562026e4fa4e6a03e3281516e610ab95f
  React-graphics: 8860060a65ceeb39a03c097a2471e32898f29f91
  React-hermes: 9b4e58f0def4626e1870a361873da8f9dc99f3c9
  React-jsi: c6e0ba364ac520f5767eda1c3fea91db9c7d97d9
  React-jsiexecutor: 85a78a2d05bc38a400628e1b795c519a230e54ee
  React-jsinspector: 0429d5707f487c305d03ed7b385ba7da4e3eab04
  React-logger: 219e952ea1ddcf533034d7fd24818d371cf87e3b
  React-perflogger: 07eba9128ed036562fd53fe2785a5f2845420874
  React-RCTActionSheet: 608704edcc95f447318228c59f8e5ab5ce738c30
  React-RCTAnimation: 3ce0c9f22898c9a303e7095c1b545a9877377ebc
  React-RCTBlob: 2fd856c62857a245efee0aa03eea443d2d6bc3a8
  React-RCTFabric: e2d2564697d5a8eb196b06f44702a0c2dfabdbb8
  React-RCTImage: 789b8b505fec622bf0abc809de998cf44a1a9528
  React-RCTLinking: 51ec1f08767abfb872e38dced7eadb8385eb2e72
  React-RCTNetwork: 6f9c1689236f3a62c72d1ebb1ea55ae37023566b
  React-RCTSettings: ba12b5b0789bcca26c8aff41ae385c720c464d1e
  React-RCTText: b3db74787804b9be1140a3003c06492e10c59c8f
  React-RCTVibration: f96ce1b669387dfa1419d923723bbd7ab6b2a6b4
  React-rncore: ba2ab71ae2b2908f7e20c7cd8b64113ea0c77a53
  React-runtimeexecutor: 488b2a59fbd349027f48d8ef41e3cdff2ced3d66
  ReactCommon: 5d4069ba0932c53d5bb47025fb143dd2db5626c2
  SocketRocket: fccef3f9c5cedea1353a9ef6ada904fde10d6608
  Yoga: d48bef51a1ef84ee4136c41a8dc468d9ca3b5ffc
  YogaKit: f782866e155069a2cca2517aafea43200b01fd5a

PODFILE CHECKSUM: 2ce41b11e7d62a5d1a3093ae9929e6f37e3a2d09

COCOAPODS: 1.11.2
