PODS:
  - boost (1.76.0)
  - CocoaAsyncSocket (7.6.5)
  - DoubleConversion (1.1.6)
  - FBLazyVector (0.0.0-20220121-2009-d0f023465)
  - FBReactNativeSpec (0.0.0-20220121-2009-d0f023465):
    - RCT-Folly (= 2021.06.28.00-v2)
    - RCTRequired (= 0.0.0-20220121-2009-d0f023465)
    - RCTTypeSafety (= 0.0.0-20220121-2009-d0f023465)
    - React-Core (= 0.0.0-20220121-2009-d0f023465)
    - React-jsi (= 0.0.0-20220121-2009-d0f023465)
    - ReactCommon/turbomodule/core (= 0.0.0-20220121-2009-d0f023465)
  - Flipper (0.125.0):
    - Flipper-Folly (~> 2.6)
    - Flipper-RSocket (~> 1.4)
  - Flipper-Boost-iOSX (1.76.0.1.11)
  - Flipper-DoubleConversion (3.1.7)
  - Flipper-Fmt (7.1.7)
  - Flipper-Folly (2.6.10):
    - Flipper-Boost-iOSX
    - Flipper-DoubleConversion
    - Flipper-Fmt (= 7.1.7)
    - Flipper-Glog
    - libevent (~> 2.1.12)
    - OpenSSL-Universal (= 1.1.1100)
  - Flipper-Glog (0.3.9)
  - Flipper-PeerTalk (0.0.4)
  - Flipper-RSocket (1.4.3):
    - Flipper-Folly (~> 2.6)
  - FlipperKit (0.125.0):
    - FlipperKit/Core (= 0.125.0)
  - FlipperKit/Core (0.125.0):
    - Flipper (~> 0.125.0)
    - FlipperKit/CppBridge
    - FlipperKit/FBCxxFollyDynamicConvert
    - FlipperKit/FBDefines
    - FlipperKit/FKPortForwarding
    - SocketRocket (~> 0.6.0)
  - FlipperKit/CppBridge (0.125.0):
    - Flipper (~> 0.125.0)
  - FlipperKit/FBCxxFollyDynamicConvert (0.125.0):
    - Flipper-Folly (~> 2.6)
  - FlipperKit/FBDefines (0.125.0)
  - FlipperKit/FKPortForwarding (0.125.0):
    - CocoaAsyncSocket (~> 7.6)
    - Flipper-PeerTalk (~> 0.0.4)
  - FlipperKit/FlipperKitHighlightOverlay (0.125.0)
  - FlipperKit/FlipperKitLayoutHelpers (0.125.0):
    - FlipperKit/Core
    - FlipperKit/FlipperKitHighlightOverlay
    - FlipperKit/FlipperKitLayoutTextSearchable
  - FlipperKit/FlipperKitLayoutIOSDescriptors (0.125.0):
    - FlipperKit/Core
    - FlipperKit/FlipperKitHighlightOverlay
    - FlipperKit/FlipperKitLayoutHelpers
    - YogaKit (~> 1.18)
  - FlipperKit/FlipperKitLayoutPlugin (0.125.0):
    - FlipperKit/Core
    - FlipperKit/FlipperKitHighlightOverlay
    - FlipperKit/FlipperKitLayoutHelpers
    - FlipperKit/FlipperKitLayoutIOSDescriptors
    - FlipperKit/FlipperKitLayoutTextSearchable
    - YogaKit (~> 1.18)
  - FlipperKit/FlipperKitLayoutTextSearchable (0.125.0)
  - FlipperKit/FlipperKitNetworkPlugin (0.125.0):
    - FlipperKit/Core
  - FlipperKit/FlipperKitReactPlugin (0.125.0):
    - FlipperKit/Core
  - FlipperKit/FlipperKitUserDefaultsPlugin (0.125.0):
    - FlipperKit/Core
  - FlipperKit/SKIOSNetworkPlugin (0.125.0):
    - FlipperKit/Core
    - FlipperKit/FlipperKitNetworkPlugin
  - fmt (6.2.1)
  - glog (0.3.5)
  - hermes-engine (0.10.0)
  - libevent (2.1.12)
  - OpenSSL-Universal (1.1.1100)
  - RCT-Folly (2021.06.28.00-v2):
    - boost
    - DoubleConversion
    - fmt (~> 6.2.1)
    - glog
    - RCT-Folly/Default (= 2021.06.28.00-v2)
  - RCT-Folly/Default (2021.06.28.00-v2):
    - boost
    - DoubleConversion
    - fmt (~> 6.2.1)
    - glog
  - RCT-Folly/Fabric (2021.06.28.00-v2):
    - boost
    - DoubleConversion
    - fmt (~> 6.2.1)
    - glog
  - RCT-Folly/Futures (2021.06.28.00-v2):
    - boost
    - DoubleConversion
    - fmt (~> 6.2.1)
    - glog
    - libevent
  - RCTRequired (0.0.0-20220121-2009-d0f023465)
  - RCTTypeSafety (0.0.0-20220121-2009-d0f023465):
    - FBLazyVector (= 0.0.0-20220121-2009-d0f023465)
    - RCT-Folly (= 2021.06.28.00-v2)
    - RCTRequired (= 0.0.0-20220121-2009-d0f023465)
    - React-Core (= 0.0.0-20220121-2009-d0f023465)
  - React (0.0.0-20220121-2009-d0f023465):
    - React-Core (= 0.0.0-20220121-2009-d0f023465)
    - React-Core/DevSupport (= 0.0.0-20220121-2009-d0f023465)
    - React-Core/RCTWebSocket (= 0.0.0-20220121-2009-d0f023465)
    - React-RCTActionSheet (= 0.0.0-20220121-2009-d0f023465)
    - React-RCTAnimation (= 0.0.0-20220121-2009-d0f023465)
    - React-RCTBlob (= 0.0.0-20220121-2009-d0f023465)
    - React-RCTImage (= 0.0.0-20220121-2009-d0f023465)
    - React-RCTLinking (= 0.0.0-20220121-2009-d0f023465)
    - React-RCTNetwork (= 0.0.0-20220121-2009-d0f023465)
    - React-RCTSettings (= 0.0.0-20220121-2009-d0f023465)
    - React-RCTText (= 0.0.0-20220121-2009-d0f023465)
    - React-RCTVibration (= 0.0.0-20220121-2009-d0f023465)
  - React-callinvoker (0.0.0-20220121-2009-d0f023465)
  - React-Codegen (0.0.0-20220121-2009-d0f023465):
    - FBReactNativeSpec (= 0.0.0-20220121-2009-d0f023465)
    - RCT-Folly (= 2021.06.28.00-v2)
    - RCTRequired (= 0.0.0-20220121-2009-d0f023465)
    - RCTTypeSafety (= 0.0.0-20220121-2009-d0f023465)
    - React-Core (= 0.0.0-20220121-2009-d0f023465)
    - React-graphics (= 0.0.0-20220121-2009-d0f023465)
    - React-jsi (= 0.0.0-20220121-2009-d0f023465)
    - React-jsiexecutor (= 0.0.0-20220121-2009-d0f023465)
    - React-rncore (= 0.0.0-20220121-2009-d0f023465)
    - ReactCommon/turbomodule/core (= 0.0.0-20220121-2009-d0f023465)
  - React-Core (0.0.0-20220121-2009-d0f023465):
    - glog
    - RCT-Folly (= 2021.06.28.00-v2)
    - React-Core/Default (= 0.0.0-20220121-2009-d0f023465)
    - React-cxxreact (= 0.0.0-20220121-2009-d0f023465)
    - React-jsi (= 0.0.0-20220121-2009-d0f023465)
    - React-jsiexecutor (= 0.0.0-20220121-2009-d0f023465)
    - React-perflogger (= 0.0.0-20220121-2009-d0f023465)
    - Yoga
  - React-Core/CoreModulesHeaders (0.0.0-20220121-2009-d0f023465):
    - glog
    - RCT-Folly (= 2021.06.28.00-v2)
    - React-Core/Default
    - React-cxxreact (= 0.0.0-20220121-2009-d0f023465)
    - React-jsi (= 0.0.0-20220121-2009-d0f023465)
    - React-jsiexecutor (= 0.0.0-20220121-2009-d0f023465)
    - React-perflogger (= 0.0.0-20220121-2009-d0f023465)
    - Yoga
  - React-Core/Default (0.0.0-20220121-2009-d0f023465):
    - glog
    - RCT-Folly (= 2021.06.28.00-v2)
    - React-cxxreact (= 0.0.0-20220121-2009-d0f023465)
    - React-jsi (= 0.0.0-20220121-2009-d0f023465)
    - React-jsiexecutor (= 0.0.0-20220121-2009-d0f023465)
    - React-perflogger (= 0.0.0-20220121-2009-d0f023465)
    - Yoga
  - React-Core/DevSupport (0.0.0-20220121-2009-d0f023465):
    - glog
    - RCT-Folly (= 2021.06.28.00-v2)
    - React-Core/Default (= 0.0.0-20220121-2009-d0f023465)
    - React-Core/RCTWebSocket (= 0.0.0-20220121-2009-d0f023465)
    - React-cxxreact (= 0.0.0-20220121-2009-d0f023465)
    - React-jsi (= 0.0.0-20220121-2009-d0f023465)
    - React-jsiexecutor (= 0.0.0-20220121-2009-d0f023465)
    - React-jsinspector (= 0.0.0-20220121-2009-d0f023465)
    - React-perflogger (= 0.0.0-20220121-2009-d0f023465)
    - Yoga
  - React-Core/RCTActionSheetHeaders (0.0.0-20220121-2009-d0f023465):
    - glog
    - RCT-Folly (= 2021.06.28.00-v2)
    - React-Core/Default
    - React-cxxreact (= 0.0.0-20220121-2009-d0f023465)
    - React-jsi (= 0.0.0-20220121-2009-d0f023465)
    - React-jsiexecutor (= 0.0.0-20220121-2009-d0f023465)
    - React-perflogger (= 0.0.0-20220121-2009-d0f023465)
    - Yoga
  - React-Core/RCTAnimationHeaders (0.0.0-20220121-2009-d0f023465):
    - glog
    - RCT-Folly (= 2021.06.28.00-v2)
    - React-Core/Default
    - React-cxxreact (= 0.0.0-20220121-2009-d0f023465)
    - React-jsi (= 0.0.0-20220121-2009-d0f023465)
    - React-jsiexecutor (= 0.0.0-20220121-2009-d0f023465)
    - React-perflogger (= 0.0.0-20220121-2009-d0f023465)
    - Yoga
  - React-Core/RCTBlobHeaders (0.0.0-20220121-2009-d0f023465):
    - glog
    - RCT-Folly (= 2021.06.28.00-v2)
    - React-Core/Default
    - React-cxxreact (= 0.0.0-20220121-2009-d0f023465)
    - React-jsi (= 0.0.0-20220121-2009-d0f023465)
    - React-jsiexecutor (= 0.0.0-20220121-2009-d0f023465)
    - React-perflogger (= 0.0.0-20220121-2009-d0f023465)
    - Yoga
  - React-Core/RCTImageHeaders (0.0.0-20220121-2009-d0f023465):
    - glog
    - RCT-Folly (= 2021.06.28.00-v2)
    - React-Core/Default
    - React-cxxreact (= 0.0.0-20220121-2009-d0f023465)
    - React-jsi (= 0.0.0-20220121-2009-d0f023465)
    - React-jsiexecutor (= 0.0.0-20220121-2009-d0f023465)
    - React-perflogger (= 0.0.0-20220121-2009-d0f023465)
    - Yoga
  - React-Core/RCTLinkingHeaders (0.0.0-20220121-2009-d0f023465):
    - glog
    - RCT-Folly (= 2021.06.28.00-v2)
    - React-Core/Default
    - React-cxxreact (= 0.0.0-20220121-2009-d0f023465)
    - React-jsi (= 0.0.0-20220121-2009-d0f023465)
    - React-jsiexecutor (= 0.0.0-20220121-2009-d0f023465)
    - React-perflogger (= 0.0.0-20220121-2009-d0f023465)
    - Yoga
  - React-Core/RCTNetworkHeaders (0.0.0-20220121-2009-d0f023465):
    - glog
    - RCT-Folly (= 2021.06.28.00-v2)
    - React-Core/Default
    - React-cxxreact (= 0.0.0-20220121-2009-d0f023465)
    - React-jsi (= 0.0.0-20220121-2009-d0f023465)
    - React-jsiexecutor (= 0.0.0-20220121-2009-d0f023465)
    - React-perflogger (= 0.0.0-20220121-2009-d0f023465)
    - Yoga
  - React-Core/RCTSettingsHeaders (0.0.0-20220121-2009-d0f023465):
    - glog
    - RCT-Folly (= 2021.06.28.00-v2)
    - React-Core/Default
    - React-cxxreact (= 0.0.0-20220121-2009-d0f023465)
    - React-jsi (= 0.0.0-20220121-2009-d0f023465)
    - React-jsiexecutor (= 0.0.0-20220121-2009-d0f023465)
    - React-perflogger (= 0.0.0-20220121-2009-d0f023465)
    - Yoga
  - React-Core/RCTTextHeaders (0.0.0-20220121-2009-d0f023465):
    - glog
    - RCT-Folly (= 2021.06.28.00-v2)
    - React-Core/Default
    - React-cxxreact (= 0.0.0-20220121-2009-d0f023465)
    - React-jsi (= 0.0.0-20220121-2009-d0f023465)
    - React-jsiexecutor (= 0.0.0-20220121-2009-d0f023465)
    - React-perflogger (= 0.0.0-20220121-2009-d0f023465)
    - Yoga
  - React-Core/RCTVibrationHeaders (0.0.0-20220121-2009-d0f023465):
    - glog
    - RCT-Folly (= 2021.06.28.00-v2)
    - React-Core/Default
    - React-cxxreact (= 0.0.0-20220121-2009-d0f023465)
    - React-jsi (= 0.0.0-20220121-2009-d0f023465)
    - React-jsiexecutor (= 0.0.0-20220121-2009-d0f023465)
    - React-perflogger (= 0.0.0-20220121-2009-d0f023465)
    - Yoga
  - React-Core/RCTWebSocket (0.0.0-20220121-2009-d0f023465):
    - glog
    - RCT-Folly (= 2021.06.28.00-v2)
    - React-Core/Default (= 0.0.0-20220121-2009-d0f023465)
    - React-cxxreact (= 0.0.0-20220121-2009-d0f023465)
    - React-jsi (= 0.0.0-20220121-2009-d0f023465)
    - React-jsiexecutor (= 0.0.0-20220121-2009-d0f023465)
    - React-perflogger (= 0.0.0-20220121-2009-d0f023465)
    - Yoga
  - React-CoreModules (0.0.0-20220121-2009-d0f023465):
    - RCT-Folly (= 2021.06.28.00-v2)
    - RCTTypeSafety (= 0.0.0-20220121-2009-d0f023465)
    - React-Codegen (= 0.0.0-20220121-2009-d0f023465)
    - React-Core/CoreModulesHeaders (= 0.0.0-20220121-2009-d0f023465)
    - React-jsi (= 0.0.0-20220121-2009-d0f023465)
    - React-RCTImage (= 0.0.0-20220121-2009-d0f023465)
    - ReactCommon/turbomodule/core (= 0.0.0-20220121-2009-d0f023465)
  - React-cxxreact (0.0.0-20220121-2009-d0f023465):
    - boost (= 1.76.0)
    - DoubleConversion
    - glog
    - RCT-Folly (= 2021.06.28.00-v2)
    - React-callinvoker (= 0.0.0-20220121-2009-d0f023465)
    - React-jsi (= 0.0.0-20220121-2009-d0f023465)
    - React-jsinspector (= 0.0.0-20220121-2009-d0f023465)
    - React-logger (= 0.0.0-20220121-2009-d0f023465)
    - React-perflogger (= 0.0.0-20220121-2009-d0f023465)
    - React-runtimeexecutor (= 0.0.0-20220121-2009-d0f023465)
  - React-Fabric (0.0.0-20220121-2009-d0f023465):
    - RCT-Folly/Fabric (= 2021.06.28.00-v2)
    - RCTRequired (= 0.0.0-20220121-2009-d0f023465)
    - RCTTypeSafety (= 0.0.0-20220121-2009-d0f023465)
    - React-Fabric/animations (= 0.0.0-20220121-2009-d0f023465)
    - React-Fabric/attributedstring (= 0.0.0-20220121-2009-d0f023465)
    - React-Fabric/butter (= 0.0.0-20220121-2009-d0f023465)
    - React-Fabric/componentregistry (= 0.0.0-20220121-2009-d0f023465)
    - React-Fabric/componentregistrynative (= 0.0.0-20220121-2009-d0f023465)
    - React-Fabric/components (= 0.0.0-20220121-2009-d0f023465)
    - React-Fabric/config (= 0.0.0-20220121-2009-d0f023465)
    - React-Fabric/core (= 0.0.0-20220121-2009-d0f023465)
    - React-Fabric/debug_core (= 0.0.0-20220121-2009-d0f023465)
    - React-Fabric/debug_renderer (= 0.0.0-20220121-2009-d0f023465)
    - React-Fabric/imagemanager (= 0.0.0-20220121-2009-d0f023465)
    - React-Fabric/leakchecker (= 0.0.0-20220121-2009-d0f023465)
    - React-Fabric/mounting (= 0.0.0-20220121-2009-d0f023465)
    - React-Fabric/runtimescheduler (= 0.0.0-20220121-2009-d0f023465)
    - React-Fabric/scheduler (= 0.0.0-20220121-2009-d0f023465)
    - React-Fabric/telemetry (= 0.0.0-20220121-2009-d0f023465)
    - React-Fabric/templateprocessor (= 0.0.0-20220121-2009-d0f023465)
    - React-Fabric/textlayoutmanager (= 0.0.0-20220121-2009-d0f023465)
    - React-Fabric/uimanager (= 0.0.0-20220121-2009-d0f023465)
    - React-Fabric/utils (= 0.0.0-20220121-2009-d0f023465)
    - React-graphics (= 0.0.0-20220121-2009-d0f023465)
    - React-jsi (= 0.0.0-20220121-2009-d0f023465)
    - React-jsiexecutor (= 0.0.0-20220121-2009-d0f023465)
    - ReactCommon/turbomodule/core (= 0.0.0-20220121-2009-d0f023465)
  - React-Fabric/animations (0.0.0-20220121-2009-d0f023465):
    - RCT-Folly/Fabric (= 2021.06.28.00-v2)
    - RCTRequired (= 0.0.0-20220121-2009-d0f023465)
    - RCTTypeSafety (= 0.0.0-20220121-2009-d0f023465)
    - React-graphics (= 0.0.0-20220121-2009-d0f023465)
    - React-jsi (= 0.0.0-20220121-2009-d0f023465)
    - React-jsiexecutor (= 0.0.0-20220121-2009-d0f023465)
    - ReactCommon/turbomodule/core (= 0.0.0-20220121-2009-d0f023465)
  - React-Fabric/attributedstring (0.0.0-20220121-2009-d0f023465):
    - RCT-Folly/Fabric (= 2021.06.28.00-v2)
    - RCTRequired (= 0.0.0-20220121-2009-d0f023465)
    - RCTTypeSafety (= 0.0.0-20220121-2009-d0f023465)
    - React-graphics (= 0.0.0-20220121-2009-d0f023465)
    - React-jsi (= 0.0.0-20220121-2009-d0f023465)
    - React-jsiexecutor (= 0.0.0-20220121-2009-d0f023465)
    - ReactCommon/turbomodule/core (= 0.0.0-20220121-2009-d0f023465)
  - React-Fabric/butter (0.0.0-20220121-2009-d0f023465):
    - RCT-Folly/Fabric (= 2021.06.28.00-v2)
    - RCTRequired (= 0.0.0-20220121-2009-d0f023465)
    - RCTTypeSafety (= 0.0.0-20220121-2009-d0f023465)
    - React-graphics (= 0.0.0-20220121-2009-d0f023465)
    - React-jsi (= 0.0.0-20220121-2009-d0f023465)
    - React-jsiexecutor (= 0.0.0-20220121-2009-d0f023465)
    - ReactCommon/turbomodule/core (= 0.0.0-20220121-2009-d0f023465)
  - React-Fabric/componentregistry (0.0.0-20220121-2009-d0f023465):
    - RCT-Folly/Fabric (= 2021.06.28.00-v2)
    - RCTRequired (= 0.0.0-20220121-2009-d0f023465)
    - RCTTypeSafety (= 0.0.0-20220121-2009-d0f023465)
    - React-graphics (= 0.0.0-20220121-2009-d0f023465)
    - React-jsi (= 0.0.0-20220121-2009-d0f023465)
    - React-jsiexecutor (= 0.0.0-20220121-2009-d0f023465)
    - ReactCommon/turbomodule/core (= 0.0.0-20220121-2009-d0f023465)
  - React-Fabric/componentregistrynative (0.0.0-20220121-2009-d0f023465):
    - RCT-Folly/Fabric (= 2021.06.28.00-v2)
    - RCTRequired (= 0.0.0-20220121-2009-d0f023465)
    - RCTTypeSafety (= 0.0.0-20220121-2009-d0f023465)
    - React-graphics (= 0.0.0-20220121-2009-d0f023465)
    - React-jsi (= 0.0.0-20220121-2009-d0f023465)
    - React-jsiexecutor (= 0.0.0-20220121-2009-d0f023465)
    - ReactCommon/turbomodule/core (= 0.0.0-20220121-2009-d0f023465)
  - React-Fabric/components (0.0.0-20220121-2009-d0f023465):
    - RCT-Folly/Fabric (= 2021.06.28.00-v2)
    - RCTRequired (= 0.0.0-20220121-2009-d0f023465)
    - RCTTypeSafety (= 0.0.0-20220121-2009-d0f023465)
    - React-Fabric/components/activityindicator (= 0.0.0-20220121-2009-d0f023465)
    - React-Fabric/components/image (= 0.0.0-20220121-2009-d0f023465)
    - React-Fabric/components/inputaccessory (= 0.0.0-20220121-2009-d0f023465)
    - React-Fabric/components/legacyviewmanagerinterop (= 0.0.0-20220121-2009-d0f023465)
    - React-Fabric/components/modal (= 0.0.0-20220121-2009-d0f023465)
    - React-Fabric/components/root (= 0.0.0-20220121-2009-d0f023465)
    - React-Fabric/components/safeareaview (= 0.0.0-20220121-2009-d0f023465)
    - React-Fabric/components/scrollview (= 0.0.0-20220121-2009-d0f023465)
    - React-Fabric/components/slider (= 0.0.0-20220121-2009-d0f023465)
    - React-Fabric/components/text (= 0.0.0-20220121-2009-d0f023465)
    - React-Fabric/components/textinput (= 0.0.0-20220121-2009-d0f023465)
    - React-Fabric/components/unimplementedview (= 0.0.0-20220121-2009-d0f023465)
    - React-Fabric/components/view (= 0.0.0-20220121-2009-d0f023465)
    - React-graphics (= 0.0.0-20220121-2009-d0f023465)
    - React-jsi (= 0.0.0-20220121-2009-d0f023465)
    - React-jsiexecutor (= 0.0.0-20220121-2009-d0f023465)
    - ReactCommon/turbomodule/core (= 0.0.0-20220121-2009-d0f023465)
  - React-Fabric/components/activityindicator (0.0.0-20220121-2009-d0f023465):
    - RCT-Folly/Fabric (= 2021.06.28.00-v2)
    - RCTRequired (= 0.0.0-20220121-2009-d0f023465)
    - RCTTypeSafety (= 0.0.0-20220121-2009-d0f023465)
    - React-graphics (= 0.0.0-20220121-2009-d0f023465)
    - React-jsi (= 0.0.0-20220121-2009-d0f023465)
    - React-jsiexecutor (= 0.0.0-20220121-2009-d0f023465)
    - ReactCommon/turbomodule/core (= 0.0.0-20220121-2009-d0f023465)
  - React-Fabric/components/image (0.0.0-20220121-2009-d0f023465):
    - RCT-Folly/Fabric (= 2021.06.28.00-v2)
    - RCTRequired (= 0.0.0-20220121-2009-d0f023465)
    - RCTTypeSafety (= 0.0.0-20220121-2009-d0f023465)
    - React-graphics (= 0.0.0-20220121-2009-d0f023465)
    - React-jsi (= 0.0.0-20220121-2009-d0f023465)
    - React-jsiexecutor (= 0.0.0-20220121-2009-d0f023465)
    - ReactCommon/turbomodule/core (= 0.0.0-20220121-2009-d0f023465)
  - React-Fabric/components/inputaccessory (0.0.0-20220121-2009-d0f023465):
    - RCT-Folly/Fabric (= 2021.06.28.00-v2)
    - RCTRequired (= 0.0.0-20220121-2009-d0f023465)
    - RCTTypeSafety (= 0.0.0-20220121-2009-d0f023465)
    - React-graphics (= 0.0.0-20220121-2009-d0f023465)
    - React-jsi (= 0.0.0-20220121-2009-d0f023465)
    - React-jsiexecutor (= 0.0.0-20220121-2009-d0f023465)
    - ReactCommon/turbomodule/core (= 0.0.0-20220121-2009-d0f023465)
  - React-Fabric/components/legacyviewmanagerinterop (0.0.0-20220121-2009-d0f023465):
    - RCT-Folly/Fabric (= 2021.06.28.00-v2)
    - RCTRequired (= 0.0.0-20220121-2009-d0f023465)
    - RCTTypeSafety (= 0.0.0-20220121-2009-d0f023465)
    - React-graphics (= 0.0.0-20220121-2009-d0f023465)
    - React-jsi (= 0.0.0-20220121-2009-d0f023465)
    - React-jsiexecutor (= 0.0.0-20220121-2009-d0f023465)
    - ReactCommon/turbomodule/core (= 0.0.0-20220121-2009-d0f023465)
  - React-Fabric/components/modal (0.0.0-20220121-2009-d0f023465):
    - RCT-Folly/Fabric (= 2021.06.28.00-v2)
    - RCTRequired (= 0.0.0-20220121-2009-d0f023465)
    - RCTTypeSafety (= 0.0.0-20220121-2009-d0f023465)
    - React-graphics (= 0.0.0-20220121-2009-d0f023465)
    - React-jsi (= 0.0.0-20220121-2009-d0f023465)
    - React-jsiexecutor (= 0.0.0-20220121-2009-d0f023465)
    - ReactCommon/turbomodule/core (= 0.0.0-20220121-2009-d0f023465)
  - React-Fabric/components/root (0.0.0-20220121-2009-d0f023465):
    - RCT-Folly/Fabric (= 2021.06.28.00-v2)
    - RCTRequired (= 0.0.0-20220121-2009-d0f023465)
    - RCTTypeSafety (= 0.0.0-20220121-2009-d0f023465)
    - React-graphics (= 0.0.0-20220121-2009-d0f023465)
    - React-jsi (= 0.0.0-20220121-2009-d0f023465)
    - React-jsiexecutor (= 0.0.0-20220121-2009-d0f023465)
    - ReactCommon/turbomodule/core (= 0.0.0-20220121-2009-d0f023465)
  - React-Fabric/components/safeareaview (0.0.0-20220121-2009-d0f023465):
    - RCT-Folly/Fabric (= 2021.06.28.00-v2)
    - RCTRequired (= 0.0.0-20220121-2009-d0f023465)
    - RCTTypeSafety (= 0.0.0-20220121-2009-d0f023465)
    - React-graphics (= 0.0.0-20220121-2009-d0f023465)
    - React-jsi (= 0.0.0-20220121-2009-d0f023465)
    - React-jsiexecutor (= 0.0.0-20220121-2009-d0f023465)
    - ReactCommon/turbomodule/core (= 0.0.0-20220121-2009-d0f023465)
  - React-Fabric/components/scrollview (0.0.0-20220121-2009-d0f023465):
    - RCT-Folly/Fabric (= 2021.06.28.00-v2)
    - RCTRequired (= 0.0.0-20220121-2009-d0f023465)
    - RCTTypeSafety (= 0.0.0-20220121-2009-d0f023465)
    - React-graphics (= 0.0.0-20220121-2009-d0f023465)
    - React-jsi (= 0.0.0-20220121-2009-d0f023465)
    - React-jsiexecutor (= 0.0.0-20220121-2009-d0f023465)
    - ReactCommon/turbomodule/core (= 0.0.0-20220121-2009-d0f023465)
  - React-Fabric/components/slider (0.0.0-20220121-2009-d0f023465):
    - RCT-Folly/Fabric (= 2021.06.28.00-v2)
    - RCTRequired (= 0.0.0-20220121-2009-d0f023465)
    - RCTTypeSafety (= 0.0.0-20220121-2009-d0f023465)
    - React-graphics (= 0.0.0-20220121-2009-d0f023465)
    - React-jsi (= 0.0.0-20220121-2009-d0f023465)
    - React-jsiexecutor (= 0.0.0-20220121-2009-d0f023465)
    - ReactCommon/turbomodule/core (= 0.0.0-20220121-2009-d0f023465)
  - React-Fabric/components/text (0.0.0-20220121-2009-d0f023465):
    - RCT-Folly/Fabric (= 2021.06.28.00-v2)
    - RCTRequired (= 0.0.0-20220121-2009-d0f023465)
    - RCTTypeSafety (= 0.0.0-20220121-2009-d0f023465)
    - React-graphics (= 0.0.0-20220121-2009-d0f023465)
    - React-jsi (= 0.0.0-20220121-2009-d0f023465)
    - React-jsiexecutor (= 0.0.0-20220121-2009-d0f023465)
    - ReactCommon/turbomodule/core (= 0.0.0-20220121-2009-d0f023465)
  - React-Fabric/components/textinput (0.0.0-20220121-2009-d0f023465):
    - RCT-Folly/Fabric (= 2021.06.28.00-v2)
    - RCTRequired (= 0.0.0-20220121-2009-d0f023465)
    - RCTTypeSafety (= 0.0.0-20220121-2009-d0f023465)
    - React-graphics (= 0.0.0-20220121-2009-d0f023465)
    - React-jsi (= 0.0.0-20220121-2009-d0f023465)
    - React-jsiexecutor (= 0.0.0-20220121-2009-d0f023465)
    - ReactCommon/turbomodule/core (= 0.0.0-20220121-2009-d0f023465)
  - React-Fabric/components/unimplementedview (0.0.0-20220121-2009-d0f023465):
    - RCT-Folly/Fabric (= 2021.06.28.00-v2)
    - RCTRequired (= 0.0.0-20220121-2009-d0f023465)
    - RCTTypeSafety (= 0.0.0-20220121-2009-d0f023465)
    - React-graphics (= 0.0.0-20220121-2009-d0f023465)
    - React-jsi (= 0.0.0-20220121-2009-d0f023465)
    - React-jsiexecutor (= 0.0.0-20220121-2009-d0f023465)
    - ReactCommon/turbomodule/core (= 0.0.0-20220121-2009-d0f023465)
  - React-Fabric/components/view (0.0.0-20220121-2009-d0f023465):
    - RCT-Folly/Fabric (= 2021.06.28.00-v2)
    - RCTRequired (= 0.0.0-20220121-2009-d0f023465)
    - RCTTypeSafety (= 0.0.0-20220121-2009-d0f023465)
    - React-graphics (= 0.0.0-20220121-2009-d0f023465)
    - React-jsi (= 0.0.0-20220121-2009-d0f023465)
    - React-jsiexecutor (= 0.0.0-20220121-2009-d0f023465)
    - ReactCommon/turbomodule/core (= 0.0.0-20220121-2009-d0f023465)
    - Yoga
  - React-Fabric/config (0.0.0-20220121-2009-d0f023465):
    - RCT-Folly/Fabric (= 2021.06.28.00-v2)
    - RCTRequired (= 0.0.0-20220121-2009-d0f023465)
    - RCTTypeSafety (= 0.0.0-20220121-2009-d0f023465)
    - React-graphics (= 0.0.0-20220121-2009-d0f023465)
    - React-jsi (= 0.0.0-20220121-2009-d0f023465)
    - React-jsiexecutor (= 0.0.0-20220121-2009-d0f023465)
    - ReactCommon/turbomodule/core (= 0.0.0-20220121-2009-d0f023465)
  - React-Fabric/core (0.0.0-20220121-2009-d0f023465):
    - RCT-Folly/Fabric (= 2021.06.28.00-v2)
    - RCTRequired (= 0.0.0-20220121-2009-d0f023465)
    - RCTTypeSafety (= 0.0.0-20220121-2009-d0f023465)
    - React-graphics (= 0.0.0-20220121-2009-d0f023465)
    - React-jsi (= 0.0.0-20220121-2009-d0f023465)
    - React-jsiexecutor (= 0.0.0-20220121-2009-d0f023465)
    - ReactCommon/turbomodule/core (= 0.0.0-20220121-2009-d0f023465)
  - React-Fabric/debug_core (0.0.0-20220121-2009-d0f023465):
    - RCT-Folly/Fabric (= 2021.06.28.00-v2)
    - RCTRequired (= 0.0.0-20220121-2009-d0f023465)
    - RCTTypeSafety (= 0.0.0-20220121-2009-d0f023465)
    - React-graphics (= 0.0.0-20220121-2009-d0f023465)
    - React-jsi (= 0.0.0-20220121-2009-d0f023465)
    - React-jsiexecutor (= 0.0.0-20220121-2009-d0f023465)
    - ReactCommon/turbomodule/core (= 0.0.0-20220121-2009-d0f023465)
  - React-Fabric/debug_renderer (0.0.0-20220121-2009-d0f023465):
    - RCT-Folly/Fabric (= 2021.06.28.00-v2)
    - RCTRequired (= 0.0.0-20220121-2009-d0f023465)
    - RCTTypeSafety (= 0.0.0-20220121-2009-d0f023465)
    - React-graphics (= 0.0.0-20220121-2009-d0f023465)
    - React-jsi (= 0.0.0-20220121-2009-d0f023465)
    - React-jsiexecutor (= 0.0.0-20220121-2009-d0f023465)
    - ReactCommon/turbomodule/core (= 0.0.0-20220121-2009-d0f023465)
  - React-Fabric/imagemanager (0.0.0-20220121-2009-d0f023465):
    - RCT-Folly/Fabric (= 2021.06.28.00-v2)
    - RCTRequired (= 0.0.0-20220121-2009-d0f023465)
    - RCTTypeSafety (= 0.0.0-20220121-2009-d0f023465)
    - React-graphics (= 0.0.0-20220121-2009-d0f023465)
    - React-jsi (= 0.0.0-20220121-2009-d0f023465)
    - React-jsiexecutor (= 0.0.0-20220121-2009-d0f023465)
    - React-RCTImage (= 0.0.0-20220121-2009-d0f023465)
    - ReactCommon/turbomodule/core (= 0.0.0-20220121-2009-d0f023465)
  - React-Fabric/leakchecker (0.0.0-20220121-2009-d0f023465):
    - RCT-Folly/Fabric (= 2021.06.28.00-v2)
    - RCTRequired (= 0.0.0-20220121-2009-d0f023465)
    - RCTTypeSafety (= 0.0.0-20220121-2009-d0f023465)
    - React-graphics (= 0.0.0-20220121-2009-d0f023465)
    - React-jsi (= 0.0.0-20220121-2009-d0f023465)
    - React-jsiexecutor (= 0.0.0-20220121-2009-d0f023465)
    - ReactCommon/turbomodule/core (= 0.0.0-20220121-2009-d0f023465)
  - React-Fabric/mounting (0.0.0-20220121-2009-d0f023465):
    - RCT-Folly/Fabric (= 2021.06.28.00-v2)
    - RCTRequired (= 0.0.0-20220121-2009-d0f023465)
    - RCTTypeSafety (= 0.0.0-20220121-2009-d0f023465)
    - React-graphics (= 0.0.0-20220121-2009-d0f023465)
    - React-jsi (= 0.0.0-20220121-2009-d0f023465)
    - React-jsiexecutor (= 0.0.0-20220121-2009-d0f023465)
    - ReactCommon/turbomodule/core (= 0.0.0-20220121-2009-d0f023465)
  - React-Fabric/runtimescheduler (0.0.0-20220121-2009-d0f023465):
    - RCT-Folly/Fabric (= 2021.06.28.00-v2)
    - RCTRequired (= 0.0.0-20220121-2009-d0f023465)
    - RCTTypeSafety (= 0.0.0-20220121-2009-d0f023465)
    - React-graphics (= 0.0.0-20220121-2009-d0f023465)
    - React-jsi (= 0.0.0-20220121-2009-d0f023465)
    - React-jsiexecutor (= 0.0.0-20220121-2009-d0f023465)
    - ReactCommon/turbomodule/core (= 0.0.0-20220121-2009-d0f023465)
  - React-Fabric/scheduler (0.0.0-20220121-2009-d0f023465):
    - RCT-Folly/Fabric (= 2021.06.28.00-v2)
    - RCTRequired (= 0.0.0-20220121-2009-d0f023465)
    - RCTTypeSafety (= 0.0.0-20220121-2009-d0f023465)
    - React-graphics (= 0.0.0-20220121-2009-d0f023465)
    - React-jsi (= 0.0.0-20220121-2009-d0f023465)
    - React-jsiexecutor (= 0.0.0-20220121-2009-d0f023465)
    - ReactCommon/turbomodule/core (= 0.0.0-20220121-2009-d0f023465)
  - React-Fabric/telemetry (0.0.0-20220121-2009-d0f023465):
    - RCT-Folly/Fabric (= 2021.06.28.00-v2)
    - RCTRequired (= 0.0.0-20220121-2009-d0f023465)
    - RCTTypeSafety (= 0.0.0-20220121-2009-d0f023465)
    - React-graphics (= 0.0.0-20220121-2009-d0f023465)
    - React-jsi (= 0.0.0-20220121-2009-d0f023465)
    - React-jsiexecutor (= 0.0.0-20220121-2009-d0f023465)
    - ReactCommon/turbomodule/core (= 0.0.0-20220121-2009-d0f023465)
  - React-Fabric/templateprocessor (0.0.0-20220121-2009-d0f023465):
    - RCT-Folly/Fabric (= 2021.06.28.00-v2)
    - RCTRequired (= 0.0.0-20220121-2009-d0f023465)
    - RCTTypeSafety (= 0.0.0-20220121-2009-d0f023465)
    - React-graphics (= 0.0.0-20220121-2009-d0f023465)
    - React-jsi (= 0.0.0-20220121-2009-d0f023465)
    - React-jsiexecutor (= 0.0.0-20220121-2009-d0f023465)
    - ReactCommon/turbomodule/core (= 0.0.0-20220121-2009-d0f023465)
  - React-Fabric/textlayoutmanager (0.0.0-20220121-2009-d0f023465):
    - RCT-Folly/Fabric (= 2021.06.28.00-v2)
    - RCTRequired (= 0.0.0-20220121-2009-d0f023465)
    - RCTTypeSafety (= 0.0.0-20220121-2009-d0f023465)
    - React-Fabric/uimanager
    - React-graphics (= 0.0.0-20220121-2009-d0f023465)
    - React-jsi (= 0.0.0-20220121-2009-d0f023465)
    - React-jsiexecutor (= 0.0.0-20220121-2009-d0f023465)
    - ReactCommon/turbomodule/core (= 0.0.0-20220121-2009-d0f023465)
  - React-Fabric/uimanager (0.0.0-20220121-2009-d0f023465):
    - RCT-Folly/Fabric (= 2021.06.28.00-v2)
    - RCTRequired (= 0.0.0-20220121-2009-d0f023465)
    - RCTTypeSafety (= 0.0.0-20220121-2009-d0f023465)
    - React-graphics (= 0.0.0-20220121-2009-d0f023465)
    - React-jsi (= 0.0.0-20220121-2009-d0f023465)
    - React-jsiexecutor (= 0.0.0-20220121-2009-d0f023465)
    - ReactCommon/turbomodule/core (= 0.0.0-20220121-2009-d0f023465)
  - React-Fabric/utils (0.0.0-20220121-2009-d0f023465):
    - RCT-Folly/Fabric (= 2021.06.28.00-v2)
    - RCTRequired (= 0.0.0-20220121-2009-d0f023465)
    - RCTTypeSafety (= 0.0.0-20220121-2009-d0f023465)
    - React-graphics (= 0.0.0-20220121-2009-d0f023465)
    - React-jsi (= 0.0.0-20220121-2009-d0f023465)
    - React-jsiexecutor (= 0.0.0-20220121-2009-d0f023465)
    - ReactCommon/turbomodule/core (= 0.0.0-20220121-2009-d0f023465)
  - React-graphics (0.0.0-20220121-2009-d0f023465):
    - RCT-Folly/Fabric (= 2021.06.28.00-v2)
    - React-Core/Default (= 0.0.0-20220121-2009-d0f023465)
  - React-hermes (0.0.0-20220121-2009-d0f023465):
    - DoubleConversion
    - glog
    - hermes-engine
    - RCT-Folly (= 2021.06.28.00-v2)
    - RCT-Folly/Futures (= 2021.06.28.00-v2)
    - React-cxxreact (= 0.0.0-20220121-2009-d0f023465)
    - React-jsi (= 0.0.0-20220121-2009-d0f023465)
    - React-jsiexecutor (= 0.0.0-20220121-2009-d0f023465)
    - React-jsinspector (= 0.0.0-20220121-2009-d0f023465)
    - React-perflogger (= 0.0.0-20220121-2009-d0f023465)
  - React-jsi (0.0.0-20220121-2009-d0f023465):
    - boost (= 1.76.0)
    - DoubleConversion
    - glog
    - RCT-Folly (= 2021.06.28.00-v2)
    - React-jsi/Default (= 0.0.0-20220121-2009-d0f023465)
  - React-jsi/Default (0.0.0-20220121-2009-d0f023465):
    - boost (= 1.76.0)
    - DoubleConversion
    - glog
    - RCT-Folly (= 2021.06.28.00-v2)
  - React-jsi/Fabric (0.0.0-20220121-2009-d0f023465):
    - boost (= 1.76.0)
    - DoubleConversion
    - glog
    - RCT-Folly (= 2021.06.28.00-v2)
  - React-jsiexecutor (0.0.0-20220121-2009-d0f023465):
    - DoubleConversion
    - glog
    - RCT-Folly (= 2021.06.28.00-v2)
    - React-cxxreact (= 0.0.0-20220121-2009-d0f023465)
    - React-jsi (= 0.0.0-20220121-2009-d0f023465)
    - React-perflogger (= 0.0.0-20220121-2009-d0f023465)
  - React-jsinspector (0.0.0-20220121-2009-d0f023465)
  - React-logger (0.0.0-20220121-2009-d0f023465):
    - glog
  - React-perflogger (0.0.0-20220121-2009-d0f023465)
  - React-RCTActionSheet (0.0.0-20220121-2009-d0f023465):
    - React-Core/RCTActionSheetHeaders (= 0.0.0-20220121-2009-d0f023465)
  - React-RCTAnimation (0.0.0-20220121-2009-d0f023465):
    - RCT-Folly (= 2021.06.28.00-v2)
    - RCTTypeSafety (= 0.0.0-20220121-2009-d0f023465)
    - React-Codegen (= 0.0.0-20220121-2009-d0f023465)
    - React-Core/RCTAnimationHeaders (= 0.0.0-20220121-2009-d0f023465)
    - React-jsi (= 0.0.0-20220121-2009-d0f023465)
    - ReactCommon/turbomodule/core (= 0.0.0-20220121-2009-d0f023465)
  - React-RCTBlob (0.0.0-20220121-2009-d0f023465):
    - RCT-Folly (= 2021.06.28.00-v2)
    - React-Codegen (= 0.0.0-20220121-2009-d0f023465)
    - React-Core/RCTBlobHeaders (= 0.0.0-20220121-2009-d0f023465)
    - React-Core/RCTWebSocket (= 0.0.0-20220121-2009-d0f023465)
    - React-jsi (= 0.0.0-20220121-2009-d0f023465)
    - React-RCTNetwork (= 0.0.0-20220121-2009-d0f023465)
    - ReactCommon/turbomodule/core (= 0.0.0-20220121-2009-d0f023465)
  - React-RCTFabric (0.0.0-20220121-2009-d0f023465):
    - RCT-Folly/Fabric (= 2021.06.28.00-v2)
    - React-Core (= 0.0.0-20220121-2009-d0f023465)
    - React-Fabric (= 0.0.0-20220121-2009-d0f023465)
    - React-RCTImage (= 0.0.0-20220121-2009-d0f023465)
  - React-RCTImage (0.0.0-20220121-2009-d0f023465):
    - RCT-Folly (= 2021.06.28.00-v2)
    - RCTTypeSafety (= 0.0.0-20220121-2009-d0f023465)
    - React-Codegen (= 0.0.0-20220121-2009-d0f023465)
    - React-Core/RCTImageHeaders (= 0.0.0-20220121-2009-d0f023465)
    - React-jsi (= 0.0.0-20220121-2009-d0f023465)
    - React-RCTNetwork (= 0.0.0-20220121-2009-d0f023465)
    - ReactCommon/turbomodule/core (= 0.0.0-20220121-2009-d0f023465)
  - React-RCTLinking (0.0.0-20220121-2009-d0f023465):
    - React-Codegen (= 0.0.0-20220121-2009-d0f023465)
    - React-Core/RCTLinkingHeaders (= 0.0.0-20220121-2009-d0f023465)
    - React-jsi (= 0.0.0-20220121-2009-d0f023465)
    - ReactCommon/turbomodule/core (= 0.0.0-20220121-2009-d0f023465)
  - React-RCTNetwork (0.0.0-20220121-2009-d0f023465):
    - RCT-Folly (= 2021.06.28.00-v2)
    - RCTTypeSafety (= 0.0.0-20220121-2009-d0f023465)
    - React-Codegen (= 0.0.0-20220121-2009-d0f023465)
    - React-Core/RCTNetworkHeaders (= 0.0.0-20220121-2009-d0f023465)
    - React-jsi (= 0.0.0-20220121-2009-d0f023465)
    - ReactCommon/turbomodule/core (= 0.0.0-20220121-2009-d0f023465)
  - React-RCTSettings (0.0.0-20220121-2009-d0f023465):
    - RCT-Folly (= 2021.06.28.00-v2)
    - RCTTypeSafety (= 0.0.0-20220121-2009-d0f023465)
    - React-Codegen (= 0.0.0-20220121-2009-d0f023465)
    - React-Core/RCTSettingsHeaders (= 0.0.0-20220121-2009-d0f023465)
    - React-jsi (= 0.0.0-20220121-2009-d0f023465)
    - ReactCommon/turbomodule/core (= 0.0.0-20220121-2009-d0f023465)
  - React-RCTText (0.0.0-20220121-2009-d0f023465):
    - React-Core/RCTTextHeaders (= 0.0.0-20220121-2009-d0f023465)
  - React-RCTVibration (0.0.0-20220121-2009-d0f023465):
    - RCT-Folly (= 2021.06.28.00-v2)
    - React-Codegen (= 0.0.0-20220121-2009-d0f023465)
    - React-Core/RCTVibrationHeaders (= 0.0.0-20220121-2009-d0f023465)
    - React-jsi (= 0.0.0-20220121-2009-d0f023465)
    - ReactCommon/turbomodule/core (= 0.0.0-20220121-2009-d0f023465)
  - React-rncore (0.0.0-20220121-2009-d0f023465)
  - React-runtimeexecutor (0.0.0-20220121-2009-d0f023465):
    - React-jsi (= 0.0.0-20220121-2009-d0f023465)
  - ReactCommon/turbomodule/core (0.0.0-20220121-2009-d0f023465):
    - DoubleConversion
    - glog
    - RCT-Folly (= 2021.06.28.00-v2)
    - React-callinvoker (= 0.0.0-20220121-2009-d0f023465)
    - React-Core (= 0.0.0-20220121-2009-d0f023465)
    - React-cxxreact (= 0.0.0-20220121-2009-d0f023465)
    - React-jsi (= 0.0.0-20220121-2009-d0f023465)
    - React-logger (= 0.0.0-20220121-2009-d0f023465)
    - React-perflogger (= 0.0.0-20220121-2009-d0f023465)
  - SocketRocket (0.6.0)
  - Yoga (1.14.0)
  - YogaKit (1.18.1):
    - Yoga (~> 1.14)

DEPENDENCIES:
  - boost (from `../node_modules/react-native/third-party-podspecs/boost.podspec`)
  - DoubleConversion (from `../node_modules/react-native/third-party-podspecs/DoubleConversion.podspec`)
  - FBLazyVector (from `../node_modules/react-native/Libraries/FBLazyVector`)
  - FBReactNativeSpec (from `../node_modules/react-native/React/FBReactNativeSpec`)
  - Flipper (= 0.125.0)
  - Flipper-Boost-iOSX (= 1.76.0.1.11)
  - Flipper-DoubleConversion (= 3.1.7)
  - Flipper-Fmt (= 7.1.7)
  - Flipper-Folly (= 2.6.10)
  - Flipper-Glog (= 0.3.9)
  - Flipper-PeerTalk (= 0.0.4)
  - Flipper-RSocket (= 1.4.3)
  - FlipperKit (= 0.125.0)
  - FlipperKit/Core (= 0.125.0)
  - FlipperKit/CppBridge (= 0.125.0)
  - FlipperKit/FBCxxFollyDynamicConvert (= 0.125.0)
  - FlipperKit/FBDefines (= 0.125.0)
  - FlipperKit/FKPortForwarding (= 0.125.0)
  - FlipperKit/FlipperKitHighlightOverlay (= 0.125.0)
  - FlipperKit/FlipperKitLayoutPlugin (= 0.125.0)
  - FlipperKit/FlipperKitLayoutTextSearchable (= 0.125.0)
  - FlipperKit/FlipperKitNetworkPlugin (= 0.125.0)
  - FlipperKit/FlipperKitReactPlugin (= 0.125.0)
  - FlipperKit/FlipperKitUserDefaultsPlugin (= 0.125.0)
  - FlipperKit/SKIOSNetworkPlugin (= 0.125.0)
  - glog (from `../node_modules/react-native/third-party-podspecs/glog.podspec`)
  - hermes-engine (~> 0.10.0)
  - libevent (~> 2.1.12)
  - OpenSSL-Universal (= 1.1.1100)
  - RCT-Folly (from `../node_modules/react-native/third-party-podspecs/RCT-Folly.podspec`)
  - RCT-Folly/Fabric (from `../node_modules/react-native/third-party-podspecs/RCT-Folly.podspec`)
  - RCTRequired (from `../node_modules/react-native/Libraries/RCTRequired`)
  - RCTTypeSafety (from `../node_modules/react-native/Libraries/TypeSafety`)
  - React (from `../node_modules/react-native/`)
  - React-callinvoker (from `../node_modules/react-native/ReactCommon/callinvoker`)
  - React-Codegen (from `build/generated/ios`)
  - React-Core (from `../node_modules/react-native/`)
  - React-Core/DevSupport (from `../node_modules/react-native/`)
  - React-Core/RCTWebSocket (from `../node_modules/react-native/`)
  - React-CoreModules (from `../node_modules/react-native/React/CoreModules`)
  - React-cxxreact (from `../node_modules/react-native/ReactCommon/cxxreact`)
  - React-Fabric (from `../node_modules/react-native/ReactCommon`)
  - React-graphics (from `../node_modules/react-native/ReactCommon/react/renderer/graphics`)
  - React-hermes (from `../node_modules/react-native/ReactCommon/hermes`)
  - React-jsi (from `../node_modules/react-native/ReactCommon/jsi`)
  - React-jsi/Fabric (from `../node_modules/react-native/ReactCommon/jsi`)
  - React-jsiexecutor (from `../node_modules/react-native/ReactCommon/jsiexecutor`)
  - React-jsinspector (from `../node_modules/react-native/ReactCommon/jsinspector`)
  - React-logger (from `../node_modules/react-native/ReactCommon/logger`)
  - React-perflogger (from `../node_modules/react-native/ReactCommon/reactperflogger`)
  - React-RCTActionSheet (from `../node_modules/react-native/Libraries/ActionSheetIOS`)
  - React-RCTAnimation (from `../node_modules/react-native/Libraries/NativeAnimation`)
  - React-RCTBlob (from `../node_modules/react-native/Libraries/Blob`)
  - React-RCTFabric (from `../node_modules/react-native/React`)
  - React-RCTImage (from `../node_modules/react-native/Libraries/Image`)
  - React-RCTLinking (from `../node_modules/react-native/Libraries/LinkingIOS`)
  - React-RCTNetwork (from `../node_modules/react-native/Libraries/Network`)
  - React-RCTSettings (from `../node_modules/react-native/Libraries/Settings`)
  - React-RCTText (from `../node_modules/react-native/Libraries/Text`)
  - React-RCTVibration (from `../node_modules/react-native/Libraries/Vibration`)
  - React-rncore (from `../node_modules/react-native/ReactCommon`)
  - React-runtimeexecutor (from `../node_modules/react-native/ReactCommon/runtimeexecutor`)
  - ReactCommon/turbomodule/core (from `../node_modules/react-native/ReactCommon`)
  - Yoga (from `../node_modules/react-native/ReactCommon/yoga`)

SPEC REPOS:
  trunk:
    - CocoaAsyncSocket
    - Flipper
    - Flipper-Boost-iOSX
    - Flipper-DoubleConversion
    - Flipper-Fmt
    - Flipper-Folly
    - Flipper-Glog
    - Flipper-PeerTalk
    - Flipper-RSocket
    - FlipperKit
    - fmt
    - hermes-engine
    - libevent
    - OpenSSL-Universal
    - SocketRocket
    - YogaKit

EXTERNAL SOURCES:
  boost:
    :podspec: "../node_modules/react-native/third-party-podspecs/boost.podspec"
  DoubleConversion:
    :podspec: "../node_modules/react-native/third-party-podspecs/DoubleConversion.podspec"
  FBLazyVector:
    :path: "../node_modules/react-native/Libraries/FBLazyVector"
  FBReactNativeSpec:
    :path: "../node_modules/react-native/React/FBReactNativeSpec"
  glog:
    :podspec: "../node_modules/react-native/third-party-podspecs/glog.podspec"
  RCT-Folly:
    :podspec: "../node_modules/react-native/third-party-podspecs/RCT-Folly.podspec"
  RCTRequired:
    :path: "../node_modules/react-native/Libraries/RCTRequired"
  RCTTypeSafety:
    :path: "../node_modules/react-native/Libraries/TypeSafety"
  React:
    :path: "../node_modules/react-native/"
  React-callinvoker:
    :path: "../node_modules/react-native/ReactCommon/callinvoker"
  React-Codegen:
    :path: build/generated/ios
  React-Core:
    :path: "../node_modules/react-native/"
  React-CoreModules:
    :path: "../node_modules/react-native/React/CoreModules"
  React-cxxreact:
    :path: "../node_modules/react-native/ReactCommon/cxxreact"
  React-Fabric:
    :path: "../node_modules/react-native/ReactCommon"
  React-graphics:
    :path: "../node_modules/react-native/ReactCommon/react/renderer/graphics"
  React-hermes:
    :path: "../node_modules/react-native/ReactCommon/hermes"
  React-jsi:
    :path: "../node_modules/react-native/ReactCommon/jsi"
  React-jsiexecutor:
    :path: "../node_modules/react-native/ReactCommon/jsiexecutor"
  React-jsinspector:
    :path: "../node_modules/react-native/ReactCommon/jsinspector"
  React-logger:
    :path: "../node_modules/react-native/ReactCommon/logger"
  React-perflogger:
    :path: "../node_modules/react-native/ReactCommon/reactperflogger"
  React-RCTActionSheet:
    :path: "../node_modules/react-native/Libraries/ActionSheetIOS"
  React-RCTAnimation:
    :path: "../node_modules/react-native/Libraries/NativeAnimation"
  React-RCTBlob:
    :path: "../node_modules/react-native/Libraries/Blob"
  React-RCTFabric:
    :path: "../node_modules/react-native/React"
  React-RCTImage:
    :path: "../node_modules/react-native/Libraries/Image"
  React-RCTLinking:
    :path: "../node_modules/react-native/Libraries/LinkingIOS"
  React-RCTNetwork:
    :path: "../node_modules/react-native/Libraries/Network"
  React-RCTSettings:
    :path: "../node_modules/react-native/Libraries/Settings"
  React-RCTText:
    :path: "../node_modules/react-native/Libraries/Text"
  React-RCTVibration:
    :path: "../node_modules/react-native/Libraries/Vibration"
  React-rncore:
    :path: "../node_modules/react-native/ReactCommon"
  React-runtimeexecutor:
    :path: "../node_modules/react-native/ReactCommon/runtimeexecutor"
  ReactCommon:
    :path: "../node_modules/react-native/ReactCommon"
  Yoga:
    :path: "../node_modules/react-native/ReactCommon/yoga"

SPEC CHECKSUMS:
  boost: a7c83b31436843459a1961bfd74b96033dc77234
  CocoaAsyncSocket: 065fd1e645c7abab64f7a6a2007a48038fdc6a99
  DoubleConversion: 831926d9b8bf8166fd87886c4abab286c2422662
  FBLazyVector: 68010f85dfd4cdf31ecdda29cb5694a5bf36e32b
  FBReactNativeSpec: 89fbe31b635f7b59a4a25c3de013cb8b0fbe6172
  Flipper: 26fc4b7382499f1281eb8cb921e5c3ad6de91fe0
  Flipper-Boost-iOSX: fd1e2b8cbef7e662a122412d7ac5f5bea715403c
  Flipper-DoubleConversion: 57ffbe81ef95306cc9e69c4aa3aeeeeb58a6a28c
  Flipper-Fmt: 60cbdd92fc254826e61d669a5d87ef7015396a9b
  Flipper-Folly: 584845625005ff068a6ebf41f857f468decd26b3
  Flipper-Glog: 05579840e2750ec907ee2f81544f41ad76a7cae4
  Flipper-PeerTalk: 116d8f857dc6ef55c7a5a75ea3ceaafe878aadc9
  Flipper-RSocket: d9d9ade67cbecf6ac10730304bf5607266dd2541
  FlipperKit: cbdee19bdd4e7f05472a66ce290f1b729ba3cb86
  fmt: ff9d55029c625d3757ed641535fd4a75fedc7ce9
  glog: 5337263514dd6f09803962437687240c5dc39aa4
  hermes-engine: 130ce0f7b421b5eb7bee5d242a859a11f2ca8585
  libevent: 4049cae6c81cdb3654a443be001fb9bdceff7913
  OpenSSL-Universal: ebc357f1e6bc71fa463ccb2fe676756aff50e88c
  RCT-Folly: 803a9cfd78114b2ec0f140cfa6fa2a6bafb2d685
  RCTRequired: e33574a7c0cd2694c7113dd9fb8f0c4628fa8b69
  RCTTypeSafety: e757191711cb5d7d9a7c16cf9a11d648f3792448
  React: e4c53c40440dcbdc643617f7863b3888eb95f4c0
  React-callinvoker: 01e349eb03a3c30c30c7e6b63d6dfbd89dbd78d4
  React-Codegen: d2c770d9ac5391ca45819d58cd7602abbd832cd7
  React-Core: d96098cb15cd80105cb0ef96ac864ed5f5b949ff
  React-CoreModules: 660d511d1f0c0fac101a815548c441cda5fc7a45
  React-cxxreact: 297342e63ff09496d134f55710d52d52aca5aca5
  React-Fabric: 9a60c53a01d211a473f06f3f76f7b13d9a0e6dfd
  React-graphics: fd66aaade0d0902873d7a24af845774a81d73f47
  React-hermes: a5d7b3803efa0d0172dc4b394a119449322f8762
  React-jsi: b541f3dde7d84dde4cd19399830e6023eb5fb658
  React-jsiexecutor: ebc7975c41ae3617ebf7062af5a88188e0002113
  React-jsinspector: 948e766c1034aa753f5f1f0ec822907ffb4e249d
  React-logger: 98b170e43369dec276f66017e6e93033510dbd62
  React-perflogger: e1e3f1bd55e33c93a8d4aae1210e0df0071a5226
  React-RCTActionSheet: e464ab6207ff687f995aefe6e5b678056cbcb97b
  React-RCTAnimation: 2f49bb24727df7d5336b12f6bd3fc4f7d199456b
  React-RCTBlob: a8d9d6a2d5320c7afec3505b520b76ea1a839e26
  React-RCTFabric: f11f8650336db6f03789861f8da0c13ef8759f83
  React-RCTImage: da5d87193e5a954214b4a12aae4903be47584859
  React-RCTLinking: 6428052fe041a1b73f590d34eda821f915069c39
  React-RCTNetwork: 5228e52e4f8f8dba3f05f8460816d3aee0c30cc7
  React-RCTSettings: 815aeb445f4c3b81eda89adc5d6cae93e8821e30
  React-RCTText: fe08a42dc2e25b0cdb0857dbf56d67c3c1842925
  React-RCTVibration: 6dbbfac675ab2f5e351fe2cdf32a92c68e0596a2
  React-rncore: 5bb86392f5c9348cde78276308f43419944864da
  React-runtimeexecutor: 85d4a153529ec948674682ad3eca37c29d301b72
  ReactCommon: e3e80d69c9545d7a3f1c1f9d48ffc5acec254610
  SocketRocket: fccef3f9c5cedea1353a9ef6ada904fde10d6608
  Yoga: 67490d2e65a8b4aaa502ff3a76cf16df93e829da
  YogaKit: f782866e155069a2cca2517aafea43200b01fd5a

PODFILE CHECKSUM: f64c74ac6a9afa516c7aeefb4801086157249e54

COCOAPODS: 1.11.2
